// !$*UTF8*$!
{
	archiveVersion = 1;
	classes = {
	};
	objectVersion = 56;
	objects = {

/* Begin PBXBuildFile section */
		EE2C77502902689E00D9FE84 /* messagingApp.swift in Sources */ = {isa = PBXBuildFile; fileRef = EE2C774F2902689E00D9FE84 /* messagingApp.swift */; };
		EE2C77522902689E00D9FE84 /* ContentView.swift in Sources */ = {isa = PBXBuildFile; fileRef = EE2C77512902689E00D9FE84 /* ContentView.swift */; };
		EE2C77542902689F00D9FE84 /* Assets.xcassets in Resources */ = {isa = PBXBuildFile; fileRef = EE2C77532902689F00D9FE84 /* Assets.xcassets */; };
		EE2C77572902689F00D9FE84 /* Preview Assets.xcassets in Resources */ = {isa = PBXBuildFile; fileRef = EE2C77562902689F00D9FE84 /* Preview Assets.xcassets */; };
		EE320D1829029CF70083FF2D /* SignInView.swift in Sources */ = {isa = PBXBuildFile; fileRef = EE320D1729029CF70083FF2D /* SignInView.swift */; };
		EE320D1A29029D220083FF2D /* SignUpView.swift in Sources */ = {isa = PBXBuildFile; fileRef = EE320D1929029D220083FF2D /* SignUpView.swift */; };
		EE320D1D2902A1060083FF2D /* Colors.swift in Sources */ = {isa = PBXBuildFile; fileRef = EE320D1C2902A1060083FF2D /* Colors.swift */; };
		EE320D1F2902CBAA0083FF2D /* Fonts.swift in Sources */ = {isa = PBXBuildFile; fileRef = EE320D1E2902CBAA0083FF2D /* Fonts.swift */; };
		EE320D212902DAA70083FF2D /* Dimensions.swift in Sources */ = {isa = PBXBuildFile; fileRef = EE320D202902DAA70083FF2D /* Dimensions.swift */; };
		EE320D232902E9320083FF2D /* Labels.swift in Sources */ = {isa = PBXBuildFile; fileRef = EE320D222902E9320083FF2D /* Labels.swift */; };
		EE320D262902E9A00083FF2D /* Kingfisher in Frameworks */ = {isa = PBXBuildFile; productRef = EE320D252902E9A00083FF2D /* Kingfisher */; };
		EE320D28290313390083FF2D /* ViewModifiers.swift in Sources */ = {isa = PBXBuildFile; fileRef = EE320D27290313390083FF2D /* ViewModifiers.swift */; };
		EE320D2A2903137C0083FF2D /* Constants.swift in Sources */ = {isa = PBXBuildFile; fileRef = EE320D292903137C0083FF2D /* Constants.swift */; };
		EE320D2C290313C80083FF2D /* Extensions.swift in Sources */ = {isa = PBXBuildFile; fileRef = EE320D2B290313C80083FF2D /* Extensions.swift */; };
		EE320D2E290364BF0083FF2D /* Shapes.swift in Sources */ = {isa = PBXBuildFile; fileRef = EE320D2D290364BF0083FF2D /* Shapes.swift */; };
		EEC26E8C2904A50D002BCF97 /* ProfileView.swift in Sources */ = {isa = PBXBuildFile; fileRef = EEC26E8B2904A50D002BCF97 /* ProfileView.swift */; };
/* End PBXBuildFile section */

/* Begin PBXFileReference section */
		EE2C774C2902689E00D9FE84 /* messaging.app */ = {isa = PBXFileReference; explicitFileType = wrapper.application; includeInIndex = 0; path = messaging.app; sourceTree = BUILT_PRODUCTS_DIR; };
		EE2C774F2902689E00D9FE84 /* messagingApp.swift */ = {isa = PBXFileReference; lastKnownFileType = sourcecode.swift; path = messagingApp.swift; sourceTree = "<group>"; };
		EE2C77512902689E00D9FE84 /* ContentView.swift */ = {isa = PBXFileReference; lastKnownFileType = sourcecode.swift; path = ContentView.swift; sourceTree = "<group>"; };
		EE2C77532902689F00D9FE84 /* Assets.xcassets */ = {isa = PBXFileReference; lastKnownFileType = folder.assetcatalog; path = Assets.xcassets; sourceTree = "<group>"; };
		EE2C77562902689F00D9FE84 /* Preview Assets.xcassets */ = {isa = PBXFileReference; lastKnownFileType = folder.assetcatalog; path = "Preview Assets.xcassets"; sourceTree = "<group>"; };
		EE320D1729029CF70083FF2D /* SignInView.swift */ = {isa = PBXFileReference; lastKnownFileType = sourcecode.swift; path = SignInView.swift; sourceTree = "<group>"; };
		EE320D1929029D220083FF2D /* SignUpView.swift */ = {isa = PBXFileReference; lastKnownFileType = sourcecode.swift; path = SignUpView.swift; sourceTree = "<group>"; };
		EE320D1C2902A1060083FF2D /* Colors.swift */ = {isa = PBXFileReference; lastKnownFileType = sourcecode.swift; path = Colors.swift; sourceTree = "<group>"; };
		EE320D1E2902CBAA0083FF2D /* Fonts.swift */ = {isa = PBXFileReference; lastKnownFileType = sourcecode.swift; path = Fonts.swift; sourceTree = "<group>"; };
		EE320D202902DAA70083FF2D /* Dimensions.swift */ = {isa = PBXFileReference; lastKnownFileType = sourcecode.swift; path = Dimensions.swift; sourceTree = "<group>"; };
		EE320D222902E9320083FF2D /* Labels.swift */ = {isa = PBXFileReference; lastKnownFileType = sourcecode.swift; path = Labels.swift; sourceTree = "<group>"; };
		EE320D27290313390083FF2D /* ViewModifiers.swift */ = {isa = PBXFileReference; lastKnownFileType = sourcecode.swift; path = ViewModifiers.swift; sourceTree = "<group>"; };
		EE320D292903137C0083FF2D /* Constants.swift */ = {isa = PBXFileReference; lastKnownFileType = sourcecode.swift; path = Constants.swift; sourceTree = "<group>"; };
		EE320D2B290313C80083FF2D /* Extensions.swift */ = {isa = PBXFileReference; lastKnownFileType = sourcecode.swift; path = Extensions.swift; sourceTree = "<group>"; };
		EE320D2D290364BF0083FF2D /* Shapes.swift */ = {isa = PBXFileReference; lastKnownFileType = sourcecode.swift; path = Shapes.swift; sourceTree = "<group>"; };
		EEC26E8B2904A50D002BCF97 /* ProfileView.swift */ = {isa = PBXFileReference; lastKnownFileType = sourcecode.swift; path = ProfileView.swift; sourceTree = "<group>"; };
/* End PBXFileReference section */

/* Begin PBXFrameworksBuildPhase section */
		EE2C77492902689E00D9FE84 /* Frameworks */ = {
			isa = PBXFrameworksBuildPhase;
			buildActionMask = 2147483647;
			files = (
				EE320D262902E9A00083FF2D /* Kingfisher in Frameworks */,
			);
			runOnlyForDeploymentPostprocessing = 0;
		};
/* End PBXFrameworksBuildPhase section */

/* Begin PBXGroup section */
		EE2C77432902689E00D9FE84 = {
			isa = PBXGroup;
			children = (
				EE2C774E2902689E00D9FE84 /* messaging */,
				EE2C774D2902689E00D9FE84 /* Products */,
			);
			sourceTree = "<group>";
		};
		EE2C774D2902689E00D9FE84 /* Products */ = {
			isa = PBXGroup;
			children = (
				EE2C774C2902689E00D9FE84 /* messaging.app */,
			);
			name = Products;
			sourceTree = "<group>";
		};
		EE2C774E2902689E00D9FE84 /* messaging */ = {
			isa = PBXGroup;
			children = (
				EE2C776A29026AD100D9FE84 /* Models */,
				EE2C776929026ACC00D9FE84 /* Views */,
				EE2C776829026AB800D9FE84 /* ViewModels */,
				EE2C776729026AB200D9FE84 /* API */,
				EE2C776629026AAE00D9FE84 /* Utils */,
				EE2C774F2902689E00D9FE84 /* messagingApp.swift */,
				EE2C77512902689E00D9FE84 /* ContentView.swift */,
				EE2C77532902689F00D9FE84 /* Assets.xcassets */,
				EE2C77552902689F00D9FE84 /* Preview Content */,
			);
			path = messaging;
			sourceTree = "<group>";
		};
		EE2C77552902689F00D9FE84 /* Preview Content */ = {
			isa = PBXGroup;
			children = (
				EE2C77562902689F00D9FE84 /* Preview Assets.xcassets */,
			);
			path = "Preview Content";
			sourceTree = "<group>";
		};
		EE2C776629026AAE00D9FE84 /* Utils */ = {
			isa = PBXGroup;
			children = (
				EE320D292903137C0083FF2D /* Constants.swift */,
				EE320D2B290313C80083FF2D /* Extensions.swift */,
			);
			path = Utils;
			sourceTree = "<group>";
		};
		EE2C776729026AB200D9FE84 /* API */ = {
			isa = PBXGroup;
			children = (
			);
			path = API;
			sourceTree = "<group>";
		};
		EE2C776829026AB800D9FE84 /* ViewModels */ = {
			isa = PBXGroup;
			children = (
			);
			path = ViewModels;
			sourceTree = "<group>";
		};
		EE2C776929026ACC00D9FE84 /* Views */ = {
			isa = PBXGroup;
			children = (
				EEC26E8A2904A4FA002BCF97 /* Profile */,
				EE320D1B2902A0F20083FF2D /* Styling */,
				EE320D1629029CE00083FF2D /* Authentication */,
				EE320D222902E9320083FF2D /* Labels.swift */,
			);
			path = Views;
			sourceTree = "<group>";
		};
		EE2C776A29026AD100D9FE84 /* Models */ = {
			isa = PBXGroup;
			children = (
			);
			path = Models;
			sourceTree = "<group>";
		};
		EE320D1629029CE00083FF2D /* Authentication */ = {
			isa = PBXGroup;
			children = (
				EE320D1729029CF70083FF2D /* SignInView.swift */,
				EE320D1929029D220083FF2D /* SignUpView.swift */,
			);
			path = Authentication;
			sourceTree = "<group>";
		};
		EE320D1B2902A0F20083FF2D /* Styling */ = {
			isa = PBXGroup;
			children = (
				EE320D1C2902A1060083FF2D /* Colors.swift */,
				EE320D1E2902CBAA0083FF2D /* Fonts.swift */,
				EE320D202902DAA70083FF2D /* Dimensions.swift */,
				EE320D27290313390083FF2D /* ViewModifiers.swift */,
				EE320D2D290364BF0083FF2D /* Shapes.swift */,
			);
			path = Styling;
			sourceTree = "<group>";
		};
		EEC26E8A2904A4FA002BCF97 /* Profile */ = {
			isa = PBXGroup;
			children = (
				EEC26E8B2904A50D002BCF97 /* ProfileView.swift */,
			);
			path = Profile;
			sourceTree = "<group>";
		};
/* End PBXGroup section */

/* Begin PBXNativeTarget section */
		EE2C774B2902689E00D9FE84 /* messaging */ = {
			isa = PBXNativeTarget;
			buildConfigurationList = EE2C775A2902689F00D9FE84 /* Build configuration list for PBXNativeTarget "messaging" */;
			buildPhases = (
				EE2C77482902689E00D9FE84 /* Sources */,
				EE2C77492902689E00D9FE84 /* Frameworks */,
				EE2C774A2902689E00D9FE84 /* Resources */,
			);
			buildRules = (
			);
			dependencies = (
			);
			name = messaging;
			packageProductDependencies = (
				EE320D252902E9A00083FF2D /* Kingfisher */,
			);
			productName = messaging;
			productReference = EE2C774C2902689E00D9FE84 /* messaging.app */;
			productType = "com.apple.product-type.application";
		};
/* End PBXNativeTarget section */

/* Begin PBXProject section */
		EE2C77442902689E00D9FE84 /* Project object */ = {
			isa = PBXProject;
			attributes = {
				BuildIndependentTargetsInParallel = 1;
				LastSwiftUpdateCheck = 1400;
				LastUpgradeCheck = 1400;
				TargetAttributes = {
					EE2C774B2902689E00D9FE84 = {
						CreatedOnToolsVersion = 14.0.1;
					};
				};
			};
			buildConfigurationList = EE2C77472902689E00D9FE84 /* Build configuration list for PBXProject "messaging" */;
			compatibilityVersion = "Xcode 14.0";
			developmentRegion = en;
			hasScannedForEncodings = 0;
			knownRegions = (
				en,
				Base,
			);
			mainGroup = EE2C77432902689E00D9FE84;
			packageReferences = (
				EE320D242902E9A00083FF2D /* XCRemoteSwiftPackageReference "Kingfisher" */,
			);
			productRefGroup = EE2C774D2902689E00D9FE84 /* Products */;
			projectDirPath = "";
			projectRoot = "";
			targets = (
				EE2C774B2902689E00D9FE84 /* messaging */,
			);
		};
/* End PBXProject section */

/* Begin PBXResourcesBuildPhase section */
		EE2C774A2902689E00D9FE84 /* Resources */ = {
			isa = PBXResourcesBuildPhase;
			buildActionMask = 2147483647;
			files = (
				EE2C77572902689F00D9FE84 /* Preview Assets.xcassets in Resources */,
				EE2C77542902689F00D9FE84 /* Assets.xcassets in Resources */,
			);
			runOnlyForDeploymentPostprocessing = 0;
		};
/* End PBXResourcesBuildPhase section */

/* Begin PBXSourcesBuildPhase section */
		EE2C77482902689E00D9FE84 /* Sources */ = {
			isa = PBXSourcesBuildPhase;
			buildActionMask = 2147483647;
			files = (
				EE320D1A29029D220083FF2D /* SignUpView.swift in Sources */,
				EEC26E8C2904A50D002BCF97 /* ProfileView.swift in Sources */,
				EE320D1D2902A1060083FF2D /* Colors.swift in Sources */,
				EE320D232902E9320083FF2D /* Labels.swift in Sources */,
				EE320D28290313390083FF2D /* ViewModifiers.swift in Sources */,
				EE320D1829029CF70083FF2D /* SignInView.swift in Sources */,
				EE320D2A2903137C0083FF2D /* Constants.swift in Sources */,
				EE2C77522902689E00D9FE84 /* ContentView.swift in Sources */,
				EE320D1F2902CBAA0083FF2D /* Fonts.swift in Sources */,
				EE320D212902DAA70083FF2D /* Dimensions.swift in Sources */,
				EE320D2C290313C80083FF2D /* Extensions.swift in Sources */,
				EE2C77502902689E00D9FE84 /* messagingApp.swift in Sources */,
				EE320D2E290364BF0083FF2D /* Shapes.swift in Sources */,
			);
			runOnlyForDeploymentPostprocessing = 0;
		};
/* End PBXSourcesBuildPhase section */

/* Begin XCBuildConfiguration section */
		EE2C77582902689F00D9FE84 /* Debug */ = {
			isa = XCBuildConfiguration;
			buildSettings = {
				ALWAYS_SEARCH_USER_PATHS = NO;
				CLANG_ANALYZER_NONNULL = YES;
				CLANG_ANALYZER_NUMBER_OBJECT_CONVERSION = YES_AGGRESSIVE;
				CLANG_CXX_LANGUAGE_STANDARD = "gnu++20";
				CLANG_ENABLE_MODULES = YES;
				CLANG_ENABLE_OBJC_ARC = YES;
				CLANG_ENABLE_OBJC_WEAK = YES;
				CLANG_WARN_BLOCK_CAPTURE_AUTORELEASING = YES;
				CLANG_WARN_BOOL_CONVERSION = YES;
				CLANG_WARN_COMMA = YES;
				CLANG_WARN_CONSTANT_CONVERSION = YES;
				CLANG_WARN_DEPRECATED_OBJC_IMPLEMENTATIONS = YES;
				CLANG_WARN_DIRECT_OBJC_ISA_USAGE = YES_ERROR;
				CLANG_WARN_DOCUMENTATION_COMMENTS = YES;
				CLANG_WARN_EMPTY_BODY = YES;
				CLANG_WARN_ENUM_CONVERSION = YES;
				CLANG_WARN_INFINITE_RECURSION = YES;
				CLANG_WARN_INT_CONVERSION = YES;
				CLANG_WARN_NON_LITERAL_NULL_CONVERSION = YES;
				CLANG_WARN_OBJC_IMPLICIT_RETAIN_SELF = YES;
				CLANG_WARN_OBJC_LITERAL_CONVERSION = YES;
				CLANG_WARN_OBJC_ROOT_CLASS = YES_ERROR;
				CLANG_WARN_QUOTED_INCLUDE_IN_FRAMEWORK_HEADER = YES;
				CLANG_WARN_RANGE_LOOP_ANALYSIS = YES;
				CLANG_WARN_STRICT_PROTOTYPES = YES;
				CLANG_WARN_SUSPICIOUS_MOVE = YES;
				CLANG_WARN_UNGUARDED_AVAILABILITY = YES_AGGRESSIVE;
				CLANG_WARN_UNREACHABLE_CODE = YES;
				CLANG_WARN__DUPLICATE_METHOD_MATCH = YES;
				COPY_PHASE_STRIP = NO;
				DEBUG_INFORMATION_FORMAT = dwarf;
				ENABLE_STRICT_OBJC_MSGSEND = YES;
				ENABLE_TESTABILITY = YES;
				GCC_C_LANGUAGE_STANDARD = gnu11;
				GCC_DYNAMIC_NO_PIC = NO;
				GCC_NO_COMMON_BLOCKS = YES;
				GCC_OPTIMIZATION_LEVEL = 0;
				GCC_PREPROCESSOR_DEFINITIONS = (
					"DEBUG=1",
					"$(inherited)",
				);
				GCC_WARN_64_TO_32_BIT_CONVERSION = YES;
				GCC_WARN_ABOUT_RETURN_TYPE = YES_ERROR;
				GCC_WARN_UNDECLARED_SELECTOR = YES;
				GCC_WARN_UNINITIALIZED_AUTOS = YES_AGGRESSIVE;
				GCC_WARN_UNUSED_FUNCTION = YES;
				GCC_WARN_UNUSED_VARIABLE = YES;
				IPHONEOS_DEPLOYMENT_TARGET = 16.0;
				MTL_ENABLE_DEBUG_INFO = INCLUDE_SOURCE;
				MTL_FAST_MATH = YES;
				ONLY_ACTIVE_ARCH = YES;
				SDKROOT = iphoneos;
				SWIFT_ACTIVE_COMPILATION_CONDITIONS = DEBUG;
				SWIFT_OPTIMIZATION_LEVEL = "-Onone";
			};
			name = Debug;
		};
		EE2C77592902689F00D9FE84 /* Release */ = {
			isa = XCBuildConfiguration;
			buildSettings = {
				ALWAYS_SEARCH_USER_PATHS = NO;
				CLANG_ANALYZER_NONNULL = YES;
				CLANG_ANALYZER_NUMBER_OBJECT_CONVERSION = YES_AGGRESSIVE;
				CLANG_CXX_LANGUAGE_STANDARD = "gnu++20";
				CLANG_ENABLE_MODULES = YES;
				CLANG_ENABLE_OBJC_ARC = YES;
				CLANG_ENABLE_OBJC_WEAK = YES;
				CLANG_WARN_BLOCK_CAPTURE_AUTORELEASING = YES;
				CLANG_WARN_BOOL_CONVERSION = YES;
				CLANG_WARN_COMMA = YES;
				CLANG_WARN_CONSTANT_CONVERSION = YES;
				CLANG_WARN_DEPRECATED_OBJC_IMPLEMENTATIONS = YES;
				CLANG_WARN_DIRECT_OBJC_ISA_USAGE = YES_ERROR;
				CLANG_WARN_DOCUMENTATION_COMMENTS = YES;
				CLANG_WARN_EMPTY_BODY = YES;
				CLANG_WARN_ENUM_CONVERSION = YES;
				CLANG_WARN_INFINITE_RECURSION = YES;
				CLANG_WARN_INT_CONVERSION = YES;
				CLANG_WARN_NON_LITERAL_NULL_CONVERSION = YES;
				CLANG_WARN_OBJC_IMPLICIT_RETAIN_SELF = YES;
				CLANG_WARN_OBJC_LITERAL_CONVERSION = YES;
				CLANG_WARN_OBJC_ROOT_CLASS = YES_ERROR;
				CLANG_WARN_QUOTED_INCLUDE_IN_FRAMEWORK_HEADER = YES;
				CLANG_WARN_RANGE_LOOP_ANALYSIS = YES;
				CLANG_WARN_STRICT_PROTOTYPES = YES;
				CLANG_WARN_SUSPICIOUS_MOVE = YES;
				CLANG_WARN_UNGUARDED_AVAILABILITY = YES_AGGRESSIVE;
				CLANG_WARN_UNREACHABLE_CODE = YES;
				CLANG_WARN__DUPLICATE_METHOD_MATCH = YES;
				COPY_PHASE_STRIP = NO;
				DEBUG_INFORMATION_FORMAT = "dwarf-with-dsym";
				ENABLE_NS_ASSERTIONS = NO;
				ENABLE_STRICT_OBJC_MSGSEND = YES;
				GCC_C_LANGUAGE_STANDARD = gnu11;
				GCC_NO_COMMON_BLOCKS = YES;
				GCC_WARN_64_TO_32_BIT_CONVERSION = YES;
				GCC_WARN_ABOUT_RETURN_TYPE = YES_ERROR;
				GCC_WARN_UNDECLARED_SELECTOR = YES;
				GCC_WARN_UNINITIALIZED_AUTOS = YES_AGGRESSIVE;
				GCC_WARN_UNUSED_FUNCTION = YES;
				GCC_WARN_UNUSED_VARIABLE = YES;
				IPHONEOS_DEPLOYMENT_TARGET = 16.0;
				MTL_ENABLE_DEBUG_INFO = NO;
				MTL_FAST_MATH = YES;
				SDKROOT = iphoneos;
				SWIFT_COMPILATION_MODE = wholemodule;
				SWIFT_OPTIMIZATION_LEVEL = "-O";
				VALIDATE_PRODUCT = YES;
			};
			name = Release;
		};
		EE2C775B2902689F00D9FE84 /* Debug */ = {
			isa = XCBuildConfiguration;
			buildSettings = {
				ASSETCATALOG_COMPILER_APPICON_NAME = AppIcon;
				ASSETCATALOG_COMPILER_GLOBAL_ACCENT_COLOR_NAME = AccentColor;
				CODE_SIGN_STYLE = Automatic;
				CURRENT_PROJECT_VERSION = 1;
				DEVELOPMENT_ASSET_PATHS = "\"messaging/Preview Content\"";
				DEVELOPMENT_TEAM = R5955V6BN9;
				ENABLE_PREVIEWS = YES;
				GENERATE_INFOPLIST_FILE = YES;
				INFOPLIST_KEY_UIApplicationSceneManifest_Generation = YES;
				INFOPLIST_KEY_UIApplicationSupportsIndirectInputEvents = YES;
				INFOPLIST_KEY_UILaunchScreen_Generation = YES;
				INFOPLIST_KEY_UISupportedInterfaceOrientations_iPad = "UIInterfaceOrientationPortrait UIInterfaceOrientationPortraitUpsideDown UIInterfaceOrientationLandscapeLeft UIInterfaceOrientationLandscapeRight";
				INFOPLIST_KEY_UISupportedInterfaceOrientations_iPhone = "UIInterfaceOrientationPortrait UIInterfaceOrientationLandscapeLeft UIInterfaceOrientationLandscapeRight";
				LD_RUNPATH_SEARCH_PATHS = (
					"$(inherited)",
					"@executable_path/Frameworks",
				);
				MARKETING_VERSION = 1.0;
				PRODUCT_BUNDLE_IDENTIFIER = fit.scoop.chat;
				PRODUCT_NAME = "$(TARGET_NAME)";
				SWIFT_EMIT_LOC_STRINGS = YES;
				SWIFT_VERSION = 5.0;
				TARGETED_DEVICE_FAMILY = "1,2";
			};
			name = Debug;
		};
		EE2C775C2902689F00D9FE84 /* Release */ = {
			isa = XCBuildConfiguration;
			buildSettings = {
				ASSETCATALOG_COMPILER_APPICON_NAME = AppIcon;
				ASSETCATALOG_COMPILER_GLOBAL_ACCENT_COLOR_NAME = AccentColor;
				CODE_SIGN_STYLE = Automatic;
				CURRENT_PROJECT_VERSION = 1;
				DEVELOPMENT_ASSET_PATHS = "\"messaging/Preview Content\"";
				DEVELOPMENT_TEAM = R5955V6BN9;
				ENABLE_PREVIEWS = YES;
				GENERATE_INFOPLIST_FILE = YES;
				INFOPLIST_KEY_UIApplicationSceneManifest_Generation = YES;
				INFOPLIST_KEY_UIApplicationSupportsIndirectInputEvents = YES;
				INFOPLIST_KEY_UILaunchScreen_Generation = YES;
				INFOPLIST_KEY_UISupportedInterfaceOrientations_iPad = "UIInterfaceOrientationPortrait UIInterfaceOrientationPortraitUpsideDown UIInterfaceOrientationLandscapeLeft UIInterfaceOrientationLandscapeRight";
				INFOPLIST_KEY_UISupportedInterfaceOrientations_iPhone = "UIInterfaceOrientationPortrait UIInterfaceOrientationLandscapeLeft UIInterfaceOrientationLandscapeRight";
				LD_RUNPATH_SEARCH_PATHS = (
					"$(inherited)",
					"@executable_path/Frameworks",
				);
				MARKETING_VERSION = 1.0;
				PRODUCT_BUNDLE_IDENTIFIER = fit.scoop.chat;
				PRODUCT_NAME = "$(TARGET_NAME)";
				SWIFT_EMIT_LOC_STRINGS = YES;
				SWIFT_VERSION = 5.0;
				TARGETED_DEVICE_FAMILY = "1,2";
			};
			name = Release;
		};
/* End XCBuildConfiguration section */

/* Begin XCConfigurationList section */
		EE2C77472902689E00D9FE84 /* Build configuration list for PBXProject "messaging" */ = {
			isa = XCConfigurationList;
			buildConfigurations = (
				EE2C77582902689F00D9FE84 /* Debug */,
				EE2C77592902689F00D9FE84 /* Release */,
			);
			defaultConfigurationIsVisible = 0;
			defaultConfigurationName = Release;
		};
		EE2C775A2902689F00D9FE84 /* Build configuration list for PBXNativeTarget "messaging" */ = {
			isa = XCConfigurationList;
			buildConfigurations = (
				EE2C775B2902689F00D9FE84 /* Debug */,
				EE2C775C2902689F00D9FE84 /* Release */,
			);
			defaultConfigurationIsVisible = 0;
			defaultConfigurationName = Release;
		};
/* End XCConfigurationList section */

/* Begin XCRemoteSwiftPackageReference section */
		EE320D242902E9A00083FF2D /* XCRemoteSwiftPackageReference "Kingfisher" */ = {
			isa = XCRemoteSwiftPackageReference;
			repositoryURL = "https://github.com/onevcat/Kingfisher";
			requirement = {
				kind = upToNextMajorVersion;
				minimumVersion = 7.0.0;
			};
		};
/* End XCRemoteSwiftPackageReference section */

/* Begin XCSwiftPackageProductDependency section */
		EE320D252902E9A00083FF2D /* Kingfisher */ = {
			isa = XCSwiftPackageProductDependency;
			package = EE320D242902E9A00083FF2D /* XCRemoteSwiftPackageReference "Kingfisher" */;
			productName = Kingfisher;
		};
/* End XCSwiftPackageProductDependency section */
	};
	rootObject = EE2C77442902689E00D9FE84 /* Project object */;
}
