// !$*UTF8*$!
{
	archiveVersion = 1;
	classes = {
	};
	objectVersion = 56;
	objects = {

/* Begin PBXBuildFile section */
		EE0AFF5A290A88F700C5B899 /* RoundedRect.swift in Sources */ = {isa = PBXBuildFile; fileRef = EE0AFF59290A88F700C5B899 /* RoundedRect.swift */; };
		EE0AFF5C290A8E3700C5B899 /* Protocols.swift in Sources */ = {isa = PBXBuildFile; fileRef = EE0AFF5B290A8E3700C5B899 /* Protocols.swift */; };
		EE0AFF5E290A90BB00C5B899 /* RoundedRectCaps.swift in Sources */ = {isa = PBXBuildFile; fileRef = EE0AFF5D290A90BB00C5B899 /* RoundedRectCaps.swift */; };
		EE0AFF60290ACD6B00C5B899 /* RoundedRectTopRightCap.swift in Sources */ = {isa = PBXBuildFile; fileRef = EE0AFF5F290ACD6B00C5B899 /* RoundedRectTopRightCap.swift */; };
		EE0AFF62290ACE8900C5B899 /* RoundedRectTopLeftCap.swift in Sources */ = {isa = PBXBuildFile; fileRef = EE0AFF61290ACE8900C5B899 /* RoundedRectTopLeftCap.swift */; };
		EE0AFF64290ACF3600C5B899 /* RoundedRectBottomRightCap.swift in Sources */ = {isa = PBXBuildFile; fileRef = EE0AFF63290ACF3600C5B899 /* RoundedRectBottomRightCap.swift */; };
		EE0AFF66290ACF8700C5B899 /* RoundedRectBottomLeftCap.swift in Sources */ = {isa = PBXBuildFile; fileRef = EE0AFF65290ACF8700C5B899 /* RoundedRectBottomLeftCap.swift */; };
		EE24DC482907DFC5002AA125 /* RequiredIntakes.swift in Sources */ = {isa = PBXBuildFile; fileRef = EE24DC472907DFC5002AA125 /* RequiredIntakes.swift */; };
		EE2C77502902689E00D9FE84 /* messagingApp.swift in Sources */ = {isa = PBXBuildFile; fileRef = EE2C774F2902689E00D9FE84 /* messagingApp.swift */; };
		EE2C77522902689E00D9FE84 /* ContentView.swift in Sources */ = {isa = PBXBuildFile; fileRef = EE2C77512902689E00D9FE84 /* ContentView.swift */; };
		EE2C77542902689F00D9FE84 /* Assets.xcassets in Resources */ = {isa = PBXBuildFile; fileRef = EE2C77532902689F00D9FE84 /* Assets.xcassets */; };
		EE2C77572902689F00D9FE84 /* Preview Assets.xcassets in Resources */ = {isa = PBXBuildFile; fileRef = EE2C77562902689F00D9FE84 /* Preview Assets.xcassets */; };
		EE320D1829029CF70083FF2D /* SignInView.swift in Sources */ = {isa = PBXBuildFile; fileRef = EE320D1729029CF70083FF2D /* SignInView.swift */; };
		EE320D1D2902A1060083FF2D /* Colors.swift in Sources */ = {isa = PBXBuildFile; fileRef = EE320D1C2902A1060083FF2D /* Colors.swift */; };
		EE320D1F2902CBAA0083FF2D /* Fonts.swift in Sources */ = {isa = PBXBuildFile; fileRef = EE320D1E2902CBAA0083FF2D /* Fonts.swift */; };
		EE320D212902DAA70083FF2D /* Dimensions.swift in Sources */ = {isa = PBXBuildFile; fileRef = EE320D202902DAA70083FF2D /* Dimensions.swift */; };
		EE320D232902E9320083FF2D /* Labels.swift in Sources */ = {isa = PBXBuildFile; fileRef = EE320D222902E9320083FF2D /* Labels.swift */; };
		EE320D262902E9A00083FF2D /* Kingfisher in Frameworks */ = {isa = PBXBuildFile; productRef = EE320D252902E9A00083FF2D /* Kingfisher */; };
		EE320D28290313390083FF2D /* ViewModifiers.swift in Sources */ = {isa = PBXBuildFile; fileRef = EE320D27290313390083FF2D /* ViewModifiers.swift */; };
		EE320D2A2903137C0083FF2D /* Constants.swift in Sources */ = {isa = PBXBuildFile; fileRef = EE320D292903137C0083FF2D /* Constants.swift */; };
		EE320D2C290313C80083FF2D /* Extensions.swift in Sources */ = {isa = PBXBuildFile; fileRef = EE320D2B290313C80083FF2D /* Extensions.swift */; };
		EE320D2E290364BF0083FF2D /* Shapes.swift in Sources */ = {isa = PBXBuildFile; fileRef = EE320D2D290364BF0083FF2D /* Shapes.swift */; };
		EE4042D82904CA6F005714A9 /* FirebaseAuth in Frameworks */ = {isa = PBXBuildFile; productRef = EE4042D72904CA6F005714A9 /* FirebaseAuth */; };
		EE4042DA2904CA6F005714A9 /* FirebaseFirestoreSwift in Frameworks */ = {isa = PBXBuildFile; productRef = EE4042D92904CA6F005714A9 /* FirebaseFirestoreSwift */; };
		EE4042DC2904CA6F005714A9 /* FirebaseFunctions in Frameworks */ = {isa = PBXBuildFile; productRef = EE4042DB2904CA6F005714A9 /* FirebaseFunctions */; };
		EE4042DE2904CA6F005714A9 /* FirebaseMessaging in Frameworks */ = {isa = PBXBuildFile; productRef = EE4042DD2904CA6F005714A9 /* FirebaseMessaging */; };
		EE4042E02904CA6F005714A9 /* FirebaseStorage in Frameworks */ = {isa = PBXBuildFile; productRef = EE4042DF2904CA6F005714A9 /* FirebaseStorage */; };
		EE4042E22904CCD4005714A9 /* GoogleService-Info.plist in Resources */ = {isa = PBXBuildFile; fileRef = EE4042E12904CCD4005714A9 /* GoogleService-Info.plist */; };
		EE4B61AB2909EF89004E50E3 /* Chart.swift in Sources */ = {isa = PBXBuildFile; fileRef = EE4B61AA2909EF89004E50E3 /* Chart.swift */; };
		EE55CB6629B0BD4800634CB4 /* FDCresponse.swift in Sources */ = {isa = PBXBuildFile; fileRef = EE55CB6529B0BD4800634CB4 /* FDCresponse.swift */; };
		EE55CB6829B0BE4D00634CB4 /* FDCService.swift in Sources */ = {isa = PBXBuildFile; fileRef = EE55CB6729B0BE4D00634CB4 /* FDCService.swift */; };
		EE5623FC290E373E00C17B20 /* InstantSearchSwiftUI in Frameworks */ = {isa = PBXBuildFile; productRef = EE5623FB290E373E00C17B20 /* InstantSearchSwiftUI */; };
		EE5623FF290E39D400C17B20 /* AlgoliaSetupExample.swift in Sources */ = {isa = PBXBuildFile; fileRef = EE5623FE290E39D400C17B20 /* AlgoliaSetupExample.swift */; };
		EE7B1864290C2D1B006C20EA /* BadgeView.swift in Sources */ = {isa = PBXBuildFile; fileRef = EE7B1863290C2D1B006C20EA /* BadgeView.swift */; };
		EE7B1866290C2D5B006C20EA /* Badge.swift in Sources */ = {isa = PBXBuildFile; fileRef = EE7B1865290C2D5B006C20EA /* Badge.swift */; };
		EE7B1868290C4875006C20EA /* VerticalChartView.swift in Sources */ = {isa = PBXBuildFile; fileRef = EE7B1867290C4875006C20EA /* VerticalChartView.swift */; };
		EE96A17A2906DE89005E10DB /* RoundedLineView.swift in Sources */ = {isa = PBXBuildFile; fileRef = EE96A1792906DE89005E10DB /* RoundedLineView.swift */; };
		EE96A17C29071B8C005E10DB /* Line.swift in Sources */ = {isa = PBXBuildFile; fileRef = EE96A17B29071B8C005E10DB /* Line.swift */; };
		EE96A17E29071CE9005E10DB /* LineCaps.swift in Sources */ = {isa = PBXBuildFile; fileRef = EE96A17D29071CE9005E10DB /* LineCaps.swift */; };
		EE96A1802907205A005E10DB /* FlexibleRoundedLine.swift in Sources */ = {isa = PBXBuildFile; fileRef = EE96A17F2907205A005E10DB /* FlexibleRoundedLine.swift */; };
		EE96A183290747D3005E10DB /* Collections in Frameworks */ = {isa = PBXBuildFile; productRef = EE96A182290747D3005E10DB /* Collections */; };
		EE96A185290747D3005E10DB /* DequeModule in Frameworks */ = {isa = PBXBuildFile; productRef = EE96A184290747D3005E10DB /* DequeModule */; };
		EE96A187290747D3005E10DB /* OrderedCollections in Frameworks */ = {isa = PBXBuildFile; productRef = EE96A186290747D3005E10DB /* OrderedCollections */; };
		EE97DD2E2905538B006C86AD /* HorizontalChartView.swift in Sources */ = {isa = PBXBuildFile; fileRef = EE97DD2D2905538B006C86AD /* HorizontalChartView.swift */; };
		EE97DD302905539B006C86AD /* FoodDetailMacrosView.swift in Sources */ = {isa = PBXBuildFile; fileRef = EE97DD2F2905539B006C86AD /* FoodDetailMacrosView.swift */; };
		EE97DD32290553AC006C86AD /* FoodItemCellView.swift in Sources */ = {isa = PBXBuildFile; fileRef = EE97DD31290553AC006C86AD /* FoodItemCellView.swift */; };
		EE97DD34290553B9006C86AD /* FoodItemsListView.swift in Sources */ = {isa = PBXBuildFile; fileRef = EE97DD33290553B9006C86AD /* FoodItemsListView.swift */; };
		EE97DD36290553FA006C86AD /* User.swift in Sources */ = {isa = PBXBuildFile; fileRef = EE97DD35290553FA006C86AD /* User.swift */; };
		EE97DD3829058FE7006C86AD /* VerticalLine.swift in Sources */ = {isa = PBXBuildFile; fileRef = EE97DD3729058FE6006C86AD /* VerticalLine.swift */; };
		EE97DD3A2905967D006C86AD /* HorizontalLine.swift in Sources */ = {isa = PBXBuildFile; fileRef = EE97DD392905967D006C86AD /* HorizontalLine.swift */; };
		EE97DD3C290599B6006C86AD /* CardView.swift in Sources */ = {isa = PBXBuildFile; fileRef = EE97DD3B290599B6006C86AD /* CardView.swift */; };
		EE97DD3E2905A88B006C86AD /* Nutrients.swift in Sources */ = {isa = PBXBuildFile; fileRef = EE97DD3D2905A88B006C86AD /* Nutrients.swift */; };
		EE97DD402905BDD3006C86AD /* FlexibleVerticalLine.swift in Sources */ = {isa = PBXBuildFile; fileRef = EE97DD3F2905BDD3006C86AD /* FlexibleVerticalLine.swift */; };
		EE97DD422905C93F006C86AD /* FlexibleHorizontalLine.swift in Sources */ = {isa = PBXBuildFile; fileRef = EE97DD412905C93F006C86AD /* FlexibleHorizontalLine.swift */; };
		EEB017CF29AF7DD500B4E4E1 /* AlgoliaSearchClient in Frameworks */ = {isa = PBXBuildFile; productRef = EEB017CE29AF7DD500B4E4E1 /* AlgoliaSearchClient */; };
		EEC26E8C2904A50D002BCF97 /* ProfileView.swift in Sources */ = {isa = PBXBuildFile; fileRef = EEC26E8B2904A50D002BCF97 /* ProfileView.swift */; };
		EEDB3C76290ADD6400D8AB20 /* FlexibleRoundedRect.swift in Sources */ = {isa = PBXBuildFile; fileRef = EEDB3C75290ADD6400D8AB20 /* FlexibleRoundedRect.swift */; };
		EEDB3C78290ADE2500D8AB20 /* RoundedRectView.swift in Sources */ = {isa = PBXBuildFile; fileRef = EEDB3C77290ADE2500D8AB20 /* RoundedRectView.swift */; };
		EEDB3C7A290ADF0D00D8AB20 /* RoundedRectCore.swift in Sources */ = {isa = PBXBuildFile; fileRef = EEDB3C79290ADF0D00D8AB20 /* RoundedRectCore.swift */; };
/* End PBXBuildFile section */

/* Begin PBXFileReference section */
		EE0AFF59290A88F700C5B899 /* RoundedRect.swift */ = {isa = PBXFileReference; lastKnownFileType = sourcecode.swift; path = RoundedRect.swift; sourceTree = "<group>"; };
		EE0AFF5B290A8E3700C5B899 /* Protocols.swift */ = {isa = PBXFileReference; lastKnownFileType = sourcecode.swift; path = Protocols.swift; sourceTree = "<group>"; };
		EE0AFF5D290A90BB00C5B899 /* RoundedRectCaps.swift */ = {isa = PBXFileReference; lastKnownFileType = sourcecode.swift; path = RoundedRectCaps.swift; sourceTree = "<group>"; };
		EE0AFF5F290ACD6B00C5B899 /* RoundedRectTopRightCap.swift */ = {isa = PBXFileReference; lastKnownFileType = sourcecode.swift; path = RoundedRectTopRightCap.swift; sourceTree = "<group>"; };
		EE0AFF61290ACE8900C5B899 /* RoundedRectTopLeftCap.swift */ = {isa = PBXFileReference; lastKnownFileType = sourcecode.swift; path = RoundedRectTopLeftCap.swift; sourceTree = "<group>"; };
		EE0AFF63290ACF3600C5B899 /* RoundedRectBottomRightCap.swift */ = {isa = PBXFileReference; lastKnownFileType = sourcecode.swift; path = RoundedRectBottomRightCap.swift; sourceTree = "<group>"; };
		EE0AFF65290ACF8700C5B899 /* RoundedRectBottomLeftCap.swift */ = {isa = PBXFileReference; lastKnownFileType = sourcecode.swift; path = RoundedRectBottomLeftCap.swift; sourceTree = "<group>"; };
		EE24DC472907DFC5002AA125 /* RequiredIntakes.swift */ = {isa = PBXFileReference; lastKnownFileType = sourcecode.swift; path = RequiredIntakes.swift; sourceTree = "<group>"; };
		EE2C774C2902689E00D9FE84 /* messaging.app */ = {isa = PBXFileReference; explicitFileType = wrapper.application; includeInIndex = 0; path = messaging.app; sourceTree = BUILT_PRODUCTS_DIR; };
		EE2C774F2902689E00D9FE84 /* messagingApp.swift */ = {isa = PBXFileReference; lastKnownFileType = sourcecode.swift; path = messagingApp.swift; sourceTree = "<group>"; };
		EE2C77512902689E00D9FE84 /* ContentView.swift */ = {isa = PBXFileReference; lastKnownFileType = sourcecode.swift; path = ContentView.swift; sourceTree = "<group>"; };
		EE2C77532902689F00D9FE84 /* Assets.xcassets */ = {isa = PBXFileReference; lastKnownFileType = folder.assetcatalog; path = Assets.xcassets; sourceTree = "<group>"; };
		EE2C77562902689F00D9FE84 /* Preview Assets.xcassets */ = {isa = PBXFileReference; lastKnownFileType = folder.assetcatalog; path = "Preview Assets.xcassets"; sourceTree = "<group>"; };
		EE320D1729029CF70083FF2D /* SignInView.swift */ = {isa = PBXFileReference; lastKnownFileType = sourcecode.swift; path = SignInView.swift; sourceTree = "<group>"; };
		EE320D1C2902A1060083FF2D /* Colors.swift */ = {isa = PBXFileReference; lastKnownFileType = sourcecode.swift; path = Colors.swift; sourceTree = "<group>"; };
		EE320D1E2902CBAA0083FF2D /* Fonts.swift */ = {isa = PBXFileReference; lastKnownFileType = sourcecode.swift; path = Fonts.swift; sourceTree = "<group>"; };
		EE320D202902DAA70083FF2D /* Dimensions.swift */ = {isa = PBXFileReference; lastKnownFileType = sourcecode.swift; path = Dimensions.swift; sourceTree = "<group>"; };
		EE320D222902E9320083FF2D /* Labels.swift */ = {isa = PBXFileReference; lastKnownFileType = sourcecode.swift; path = Labels.swift; sourceTree = "<group>"; };
		EE320D27290313390083FF2D /* ViewModifiers.swift */ = {isa = PBXFileReference; lastKnownFileType = sourcecode.swift; path = ViewModifiers.swift; sourceTree = "<group>"; };
		EE320D292903137C0083FF2D /* Constants.swift */ = {isa = PBXFileReference; lastKnownFileType = sourcecode.swift; path = Constants.swift; sourceTree = "<group>"; };
		EE320D2B290313C80083FF2D /* Extensions.swift */ = {isa = PBXFileReference; lastKnownFileType = sourcecode.swift; path = Extensions.swift; sourceTree = "<group>"; };
		EE320D2D290364BF0083FF2D /* Shapes.swift */ = {isa = PBXFileReference; lastKnownFileType = sourcecode.swift; path = Shapes.swift; sourceTree = "<group>"; };
		EE4042E12904CCD4005714A9 /* GoogleService-Info.plist */ = {isa = PBXFileReference; fileEncoding = 4; lastKnownFileType = text.plist.xml; name = "GoogleService-Info.plist"; path = "../../GoogleService-Info.plist"; sourceTree = "<group>"; };
		EE4B61AA2909EF89004E50E3 /* Chart.swift */ = {isa = PBXFileReference; lastKnownFileType = sourcecode.swift; path = Chart.swift; sourceTree = "<group>"; };
		EE55CB6529B0BD4800634CB4 /* FDCresponse.swift */ = {isa = PBXFileReference; lastKnownFileType = sourcecode.swift; path = FDCresponse.swift; sourceTree = "<group>"; };
		EE55CB6729B0BE4D00634CB4 /* FDCService.swift */ = {isa = PBXFileReference; lastKnownFileType = sourcecode.swift; path = FDCService.swift; sourceTree = "<group>"; };
		EE5623FE290E39D400C17B20 /* AlgoliaSetupExample.swift */ = {isa = PBXFileReference; lastKnownFileType = sourcecode.swift; path = AlgoliaSetupExample.swift; sourceTree = "<group>"; };
		EE7B1863290C2D1B006C20EA /* BadgeView.swift */ = {isa = PBXFileReference; lastKnownFileType = sourcecode.swift; path = BadgeView.swift; sourceTree = "<group>"; };
		EE7B1865290C2D5B006C20EA /* Badge.swift */ = {isa = PBXFileReference; lastKnownFileType = sourcecode.swift; path = Badge.swift; sourceTree = "<group>"; };
		EE7B1867290C4875006C20EA /* VerticalChartView.swift */ = {isa = PBXFileReference; lastKnownFileType = sourcecode.swift; path = VerticalChartView.swift; sourceTree = "<group>"; };
		EE96A1792906DE89005E10DB /* RoundedLineView.swift */ = {isa = PBXFileReference; lastKnownFileType = sourcecode.swift; path = RoundedLineView.swift; sourceTree = "<group>"; };
		EE96A17B29071B8C005E10DB /* Line.swift */ = {isa = PBXFileReference; lastKnownFileType = sourcecode.swift; path = Line.swift; sourceTree = "<group>"; };
		EE96A17D29071CE9005E10DB /* LineCaps.swift */ = {isa = PBXFileReference; lastKnownFileType = sourcecode.swift; path = LineCaps.swift; sourceTree = "<group>"; };
		EE96A17F2907205A005E10DB /* FlexibleRoundedLine.swift */ = {isa = PBXFileReference; lastKnownFileType = sourcecode.swift; path = FlexibleRoundedLine.swift; sourceTree = "<group>"; };
		EE97DD2D2905538B006C86AD /* HorizontalChartView.swift */ = {isa = PBXFileReference; lastKnownFileType = sourcecode.swift; path = HorizontalChartView.swift; sourceTree = "<group>"; };
		EE97DD2F2905539B006C86AD /* FoodDetailMacrosView.swift */ = {isa = PBXFileReference; lastKnownFileType = sourcecode.swift; path = FoodDetailMacrosView.swift; sourceTree = "<group>"; };
		EE97DD31290553AC006C86AD /* FoodItemCellView.swift */ = {isa = PBXFileReference; lastKnownFileType = sourcecode.swift; path = FoodItemCellView.swift; sourceTree = "<group>"; };
		EE97DD33290553B9006C86AD /* FoodItemsListView.swift */ = {isa = PBXFileReference; lastKnownFileType = sourcecode.swift; path = FoodItemsListView.swift; sourceTree = "<group>"; };
		EE97DD35290553FA006C86AD /* User.swift */ = {isa = PBXFileReference; lastKnownFileType = sourcecode.swift; path = User.swift; sourceTree = "<group>"; };
		EE97DD3729058FE6006C86AD /* VerticalLine.swift */ = {isa = PBXFileReference; lastKnownFileType = sourcecode.swift; path = VerticalLine.swift; sourceTree = "<group>"; };
		EE97DD392905967D006C86AD /* HorizontalLine.swift */ = {isa = PBXFileReference; lastKnownFileType = sourcecode.swift; path = HorizontalLine.swift; sourceTree = "<group>"; };
		EE97DD3B290599B6006C86AD /* CardView.swift */ = {isa = PBXFileReference; lastKnownFileType = sourcecode.swift; path = CardView.swift; sourceTree = "<group>"; };
		EE97DD3D2905A88B006C86AD /* Nutrients.swift */ = {isa = PBXFileReference; lastKnownFileType = sourcecode.swift; path = Nutrients.swift; sourceTree = "<group>"; };
		EE97DD3F2905BDD3006C86AD /* FlexibleVerticalLine.swift */ = {isa = PBXFileReference; lastKnownFileType = sourcecode.swift; path = FlexibleVerticalLine.swift; sourceTree = "<group>"; };
		EE97DD412905C93F006C86AD /* FlexibleHorizontalLine.swift */ = {isa = PBXFileReference; lastKnownFileType = sourcecode.swift; path = FlexibleHorizontalLine.swift; sourceTree = "<group>"; };
		EEC26E8B2904A50D002BCF97 /* ProfileView.swift */ = {isa = PBXFileReference; lastKnownFileType = sourcecode.swift; path = ProfileView.swift; sourceTree = "<group>"; };
		EEDB3C75290ADD6400D8AB20 /* FlexibleRoundedRect.swift */ = {isa = PBXFileReference; lastKnownFileType = sourcecode.swift; path = FlexibleRoundedRect.swift; sourceTree = "<group>"; };
		EEDB3C77290ADE2500D8AB20 /* RoundedRectView.swift */ = {isa = PBXFileReference; lastKnownFileType = sourcecode.swift; path = RoundedRectView.swift; sourceTree = "<group>"; };
		EEDB3C79290ADF0D00D8AB20 /* RoundedRectCore.swift */ = {isa = PBXFileReference; lastKnownFileType = sourcecode.swift; path = RoundedRectCore.swift; sourceTree = "<group>"; };
/* End PBXFileReference section */

/* Begin PBXFrameworksBuildPhase section */
		EE2C77492902689E00D9FE84 /* Frameworks */ = {
			isa = PBXFrameworksBuildPhase;
			buildActionMask = 2147483647;
			files = (
				EE5623FC290E373E00C17B20 /* InstantSearchSwiftUI in Frameworks */,
				EE96A183290747D3005E10DB /* Collections in Frameworks */,
				EE320D262902E9A00083FF2D /* Kingfisher in Frameworks */,
				EE4042D82904CA6F005714A9 /* FirebaseAuth in Frameworks */,
				EEB017CF29AF7DD500B4E4E1 /* AlgoliaSearchClient in Frameworks */,
				EE4042DE2904CA6F005714A9 /* FirebaseMessaging in Frameworks */,
				EE4042DA2904CA6F005714A9 /* FirebaseFirestoreSwift in Frameworks */,
				EE96A187290747D3005E10DB /* OrderedCollections in Frameworks */,
				EE96A185290747D3005E10DB /* DequeModule in Frameworks */,
				EE4042DC2904CA6F005714A9 /* FirebaseFunctions in Frameworks */,
				EE4042E02904CA6F005714A9 /* FirebaseStorage in Frameworks */,
			);
			runOnlyForDeploymentPostprocessing = 0;
		};
/* End PBXFrameworksBuildPhase section */

/* Begin PBXGroup section */
		EE2C77432902689E00D9FE84 = {
			isa = PBXGroup;
			children = (
				EE2C774E2902689E00D9FE84 /* messaging */,
				EE2C774D2902689E00D9FE84 /* Products */,
			);
			sourceTree = "<group>";
		};
		EE2C774D2902689E00D9FE84 /* Products */ = {
			isa = PBXGroup;
			children = (
				EE2C774C2902689E00D9FE84 /* messaging.app */,
			);
			name = Products;
			sourceTree = "<group>";
		};
		EE2C774E2902689E00D9FE84 /* messaging */ = {
			isa = PBXGroup;
			children = (
				EE2C776A29026AD100D9FE84 /* Models */,
				EE2C776929026ACC00D9FE84 /* Views */,
				EE2C776829026AB800D9FE84 /* ViewModels */,
				EE2C776729026AB200D9FE84 /* API */,
				EE2C776629026AAE00D9FE84 /* Utils */,
				EE2C774F2902689E00D9FE84 /* messagingApp.swift */,
				EE2C77512902689E00D9FE84 /* ContentView.swift */,
				EE4042E12904CCD4005714A9 /* GoogleService-Info.plist */,
				EE2C77532902689F00D9FE84 /* Assets.xcassets */,
				EE2C77552902689F00D9FE84 /* Preview Content */,
			);
			path = messaging;
			sourceTree = "<group>";
		};
		EE2C77552902689F00D9FE84 /* Preview Content */ = {
			isa = PBXGroup;
			children = (
				EE2C77562902689F00D9FE84 /* Preview Assets.xcassets */,
			);
			path = "Preview Content";
			sourceTree = "<group>";
		};
		EE2C776629026AAE00D9FE84 /* Utils */ = {
			isa = PBXGroup;
			children = (
				EE320D292903137C0083FF2D /* Constants.swift */,
				EE320D2B290313C80083FF2D /* Extensions.swift */,
				EE0AFF5B290A8E3700C5B899 /* Protocols.swift */,
				EE320D222902E9320083FF2D /* Labels.swift */,
			);
			path = Utils;
			sourceTree = "<group>";
		};
		EE2C776729026AB200D9FE84 /* API */ = {
			isa = PBXGroup;
			children = (
				EE55CB6729B0BE4D00634CB4 /* FDCService.swift */,
			);
			path = API;
			sourceTree = "<group>";
		};
		EE2C776829026AB800D9FE84 /* ViewModels */ = {
			isa = PBXGroup;
			children = (
			);
			path = ViewModels;
			sourceTree = "<group>";
		};
		EE2C776929026ACC00D9FE84 /* Views */ = {
			isa = PBXGroup;
			children = (
				EE5623FD290E39BB00C17B20 /* Search */,
				EE97DD2A29055301006C86AD /* Food */,
				EEC26E8A2904A4FA002BCF97 /* Profile */,
				EE320D1B2902A0F20083FF2D /* Styling */,
				EE320D1629029CE00083FF2D /* Authentication */,
			);
			path = Views;
			sourceTree = "<group>";
		};
		EE2C776A29026AD100D9FE84 /* Models */ = {
			isa = PBXGroup;
			children = (
				EE97DD35290553FA006C86AD /* User.swift */,
				EE97DD3D2905A88B006C86AD /* Nutrients.swift */,
				EE24DC472907DFC5002AA125 /* RequiredIntakes.swift */,
				EE4B61AA2909EF89004E50E3 /* Chart.swift */,
				EE0AFF59290A88F700C5B899 /* RoundedRect.swift */,
				EE7B1865290C2D5B006C20EA /* Badge.swift */,
				EE55CB6529B0BD4800634CB4 /* FDCresponse.swift */,
			);
			path = Models;
			sourceTree = "<group>";
		};
		EE320D1629029CE00083FF2D /* Authentication */ = {
			isa = PBXGroup;
			children = (
				EE320D1729029CF70083FF2D /* SignInView.swift */,
			);
			path = Authentication;
			sourceTree = "<group>";
		};
		EE320D1B2902A0F20083FF2D /* Styling */ = {
			isa = PBXGroup;
			children = (
				EE320D1C2902A1060083FF2D /* Colors.swift */,
				EE320D1E2902CBAA0083FF2D /* Fonts.swift */,
				EE320D202902DAA70083FF2D /* Dimensions.swift */,
				EE320D27290313390083FF2D /* ViewModifiers.swift */,
				EE320D2D290364BF0083FF2D /* Shapes.swift */,
				EE7B1860290C0498006C20EA /* Lines and Chart Bars */,
			);
			path = Styling;
			sourceTree = "<group>";
		};
		EE5623FD290E39BB00C17B20 /* Search */ = {
			isa = PBXGroup;
			children = (
				EE5623FE290E39D400C17B20 /* AlgoliaSetupExample.swift */,
			);
			path = Search;
			sourceTree = "<group>";
		};
		EE7B1860290C0498006C20EA /* Lines and Chart Bars */ = {
			isa = PBXGroup;
			children = (
				EE97DD3729058FE6006C86AD /* VerticalLine.swift */,
				EE97DD392905967D006C86AD /* HorizontalLine.swift */,
				EE97DD3F2905BDD3006C86AD /* FlexibleVerticalLine.swift */,
				EE97DD412905C93F006C86AD /* FlexibleHorizontalLine.swift */,
				EE96A1792906DE89005E10DB /* RoundedLineView.swift */,
				EE96A17B29071B8C005E10DB /* Line.swift */,
				EE96A17D29071CE9005E10DB /* LineCaps.swift */,
				EE96A17F2907205A005E10DB /* FlexibleRoundedLine.swift */,
				EE0AFF5D290A90BB00C5B899 /* RoundedRectCaps.swift */,
				EE0AFF5F290ACD6B00C5B899 /* RoundedRectTopRightCap.swift */,
				EE0AFF61290ACE8900C5B899 /* RoundedRectTopLeftCap.swift */,
				EE0AFF63290ACF3600C5B899 /* RoundedRectBottomRightCap.swift */,
				EE0AFF65290ACF8700C5B899 /* RoundedRectBottomLeftCap.swift */,
				EEDB3C75290ADD6400D8AB20 /* FlexibleRoundedRect.swift */,
				EEDB3C77290ADE2500D8AB20 /* RoundedRectView.swift */,
				EEDB3C79290ADF0D00D8AB20 /* RoundedRectCore.swift */,
			);
			path = "Lines and Chart Bars";
			sourceTree = "<group>";
		};
		EE97DD2A29055301006C86AD /* Food */ = {
			isa = PBXGroup;
			children = (
				EE7B1867290C4875006C20EA /* VerticalChartView.swift */,
				EE97DD2D2905538B006C86AD /* HorizontalChartView.swift */,
				EE97DD2F2905539B006C86AD /* FoodDetailMacrosView.swift */,
				EE97DD31290553AC006C86AD /* FoodItemCellView.swift */,
				EE97DD33290553B9006C86AD /* FoodItemsListView.swift */,
				EE7B1863290C2D1B006C20EA /* BadgeView.swift */,
			);
			path = Food;
			sourceTree = "<group>";
		};
		EEC26E8A2904A4FA002BCF97 /* Profile */ = {
			isa = PBXGroup;
			children = (
				EEC26E8B2904A50D002BCF97 /* ProfileView.swift */,
				EE97DD3B290599B6006C86AD /* CardView.swift */,
			);
			path = Profile;
			sourceTree = "<group>";
		};
/* End PBXGroup section */

/* Begin PBXNativeTarget section */
		EE2C774B2902689E00D9FE84 /* messaging */ = {
			isa = PBXNativeTarget;
			buildConfigurationList = EE2C775A2902689F00D9FE84 /* Build configuration list for PBXNativeTarget "messaging" */;
			buildPhases = (
				EE2C77482902689E00D9FE84 /* Sources */,
				EE2C77492902689E00D9FE84 /* Frameworks */,
				EE2C774A2902689E00D9FE84 /* Resources */,
			);
			buildRules = (
			);
			dependencies = (
			);
			name = messaging;
			packageProductDependencies = (
				EE320D252902E9A00083FF2D /* Kingfisher */,
				EE4042D72904CA6F005714A9 /* FirebaseAuth */,
				EE4042D92904CA6F005714A9 /* FirebaseFirestoreSwift */,
				EE4042DB2904CA6F005714A9 /* FirebaseFunctions */,
				EE4042DD2904CA6F005714A9 /* FirebaseMessaging */,
				EE4042DF2904CA6F005714A9 /* FirebaseStorage */,
				EE96A182290747D3005E10DB /* Collections */,
				EE96A184290747D3005E10DB /* DequeModule */,
				EE96A186290747D3005E10DB /* OrderedCollections */,
				EE5623FB290E373E00C17B20 /* InstantSearchSwiftUI */,
				EEB017CE29AF7DD500B4E4E1 /* AlgoliaSearchClient */,
			);
			productName = messaging;
			productReference = EE2C774C2902689E00D9FE84 /* messaging.app */;
			productType = "com.apple.product-type.application";
		};
/* End PBXNativeTarget section */

/* Begin PBXProject section */
		EE2C77442902689E00D9FE84 /* Project object */ = {
			isa = PBXProject;
			attributes = {
				BuildIndependentTargetsInParallel = 1;
				LastSwiftUpdateCheck = 1400;
				LastUpgradeCheck = 1400;
				TargetAttributes = {
					EE2C774B2902689E00D9FE84 = {
						CreatedOnToolsVersion = 14.0.1;
					};
				};
			};
			buildConfigurationList = EE2C77472902689E00D9FE84 /* Build configuration list for PBXProject "messaging" */;
			compatibilityVersion = "Xcode 14.0";
			developmentRegion = en;
			hasScannedForEncodings = 0;
			knownRegions = (
				en,
				Base,
			);
			mainGroup = EE2C77432902689E00D9FE84;
			packageReferences = (
				EE320D242902E9A00083FF2D /* XCRemoteSwiftPackageReference "Kingfisher" */,
				EE4042D62904CA6E005714A9 /* XCRemoteSwiftPackageReference "firebase-ios-sdk" */,
				EE96A181290747D3005E10DB /* XCRemoteSwiftPackageReference "swift-collections" */,
				EE5623FA290E373E00C17B20 /* XCRemoteSwiftPackageReference "instantsearch-ios" */,
				EEB017CD29AF7DD500B4E4E1 /* XCRemoteSwiftPackageReference "algoliasearch-client-swift" */,
			);
			productRefGroup = EE2C774D2902689E00D9FE84 /* Products */;
			projectDirPath = "";
			projectRoot = "";
			targets = (
				EE2C774B2902689E00D9FE84 /* messaging */,
			);
		};
/* End PBXProject section */

/* Begin PBXResourcesBuildPhase section */
		EE2C774A2902689E00D9FE84 /* Resources */ = {
			isa = PBXResourcesBuildPhase;
			buildActionMask = 2147483647;
			files = (
				EE2C77572902689F00D9FE84 /* Preview Assets.xcassets in Resources */,
				EE2C77542902689F00D9FE84 /* Assets.xcassets in Resources */,
				EE4042E22904CCD4005714A9 /* GoogleService-Info.plist in Resources */,
			);
			runOnlyForDeploymentPostprocessing = 0;
		};
/* End PBXResourcesBuildPhase section */

/* Begin PBXSourcesBuildPhase section */
		EE2C77482902689E00D9FE84 /* Sources */ = {
			isa = PBXSourcesBuildPhase;
			buildActionMask = 2147483647;
			files = (
				EEC26E8C2904A50D002BCF97 /* ProfileView.swift in Sources */,
				EE55CB6829B0BE4D00634CB4 /* FDCService.swift in Sources */,
				EE320D1D2902A1060083FF2D /* Colors.swift in Sources */,
				EE97DD302905539B006C86AD /* FoodDetailMacrosView.swift in Sources */,
				EE97DD422905C93F006C86AD /* FlexibleHorizontalLine.swift in Sources */,
				EEDB3C7A290ADF0D00D8AB20 /* RoundedRectCore.swift in Sources */,
				EE0AFF64290ACF3600C5B899 /* RoundedRectBottomRightCap.swift in Sources */,
				EE4B61AB2909EF89004E50E3 /* Chart.swift in Sources */,
				EE96A17C29071B8C005E10DB /* Line.swift in Sources */,
				EE97DD34290553B9006C86AD /* FoodItemsListView.swift in Sources */,
				EE320D232902E9320083FF2D /* Labels.swift in Sources */,
				EE97DD3829058FE7006C86AD /* VerticalLine.swift in Sources */,
				EE96A17E29071CE9005E10DB /* LineCaps.swift in Sources */,
				EE320D28290313390083FF2D /* ViewModifiers.swift in Sources */,
				EE320D1829029CF70083FF2D /* SignInView.swift in Sources */,
				EE97DD36290553FA006C86AD /* User.swift in Sources */,
				EE320D2A2903137C0083FF2D /* Constants.swift in Sources */,
				EE7B1864290C2D1B006C20EA /* BadgeView.swift in Sources */,
				EE2C77522902689E00D9FE84 /* ContentView.swift in Sources */,
				EE0AFF5A290A88F700C5B899 /* RoundedRect.swift in Sources */,
				EEDB3C76290ADD6400D8AB20 /* FlexibleRoundedRect.swift in Sources */,
				EE320D1F2902CBAA0083FF2D /* Fonts.swift in Sources */,
				EE0AFF62290ACE8900C5B899 /* RoundedRectTopLeftCap.swift in Sources */,
				EE7B1866290C2D5B006C20EA /* Badge.swift in Sources */,
				EE320D212902DAA70083FF2D /* Dimensions.swift in Sources */,
				EE55CB6629B0BD4800634CB4 /* FDCresponse.swift in Sources */,
				EE97DD3E2905A88B006C86AD /* Nutrients.swift in Sources */,
				EE320D2C290313C80083FF2D /* Extensions.swift in Sources */,
				EE97DD3C290599B6006C86AD /* CardView.swift in Sources */,
				EE97DD32290553AC006C86AD /* FoodItemCellView.swift in Sources */,
				EE0AFF5E290A90BB00C5B899 /* RoundedRectCaps.swift in Sources */,
				EE97DD2E2905538B006C86AD /* HorizontalChartView.swift in Sources */,
				EE97DD402905BDD3006C86AD /* FlexibleVerticalLine.swift in Sources */,
				EE96A1802907205A005E10DB /* FlexibleRoundedLine.swift in Sources */,
				EE0AFF66290ACF8700C5B899 /* RoundedRectBottomLeftCap.swift in Sources */,
				EE7B1868290C4875006C20EA /* VerticalChartView.swift in Sources */,
				EE97DD3A2905967D006C86AD /* HorizontalLine.swift in Sources */,
				EE24DC482907DFC5002AA125 /* RequiredIntakes.swift in Sources */,
				EE96A17A2906DE89005E10DB /* RoundedLineView.swift in Sources */,
				EE0AFF5C290A8E3700C5B899 /* Protocols.swift in Sources */,
				EE2C77502902689E00D9FE84 /* messagingApp.swift in Sources */,
				EE320D2E290364BF0083FF2D /* Shapes.swift in Sources */,
				EE5623FF290E39D400C17B20 /* AlgoliaSetupExample.swift in Sources */,
				EEDB3C78290ADE2500D8AB20 /* RoundedRectView.swift in Sources */,
				EE0AFF60290ACD6B00C5B899 /* RoundedRectTopRightCap.swift in Sources */,
			);
			runOnlyForDeploymentPostprocessing = 0;
		};
/* End PBXSourcesBuildPhase section */

/* Begin XCBuildConfiguration section */
		EE2C77582902689F00D9FE84 /* Debug */ = {
			isa = XCBuildConfiguration;
			buildSettings = {
				ALWAYS_SEARCH_USER_PATHS = NO;
				CLANG_ANALYZER_NONNULL = YES;
				CLANG_ANALYZER_NUMBER_OBJECT_CONVERSION = YES_AGGRESSIVE;
				CLANG_CXX_LANGUAGE_STANDARD = "gnu++20";
				CLANG_ENABLE_MODULES = YES;
				CLANG_ENABLE_OBJC_ARC = YES;
				CLANG_ENABLE_OBJC_WEAK = YES;
				CLANG_WARN_BLOCK_CAPTURE_AUTORELEASING = YES;
				CLANG_WARN_BOOL_CONVERSION = YES;
				CLANG_WARN_COMMA = YES;
				CLANG_WARN_CONSTANT_CONVERSION = YES;
				CLANG_WARN_DEPRECATED_OBJC_IMPLEMENTATIONS = YES;
				CLANG_WARN_DIRECT_OBJC_ISA_USAGE = YES_ERROR;
				CLANG_WARN_DOCUMENTATION_COMMENTS = YES;
				CLANG_WARN_EMPTY_BODY = YES;
				CLANG_WARN_ENUM_CONVERSION = YES;
				CLANG_WARN_INFINITE_RECURSION = YES;
				CLANG_WARN_INT_CONVERSION = YES;
				CLANG_WARN_NON_LITERAL_NULL_CONVERSION = YES;
				CLANG_WARN_OBJC_IMPLICIT_RETAIN_SELF = YES;
				CLANG_WARN_OBJC_LITERAL_CONVERSION = YES;
				CLANG_WARN_OBJC_ROOT_CLASS = YES_ERROR;
				CLANG_WARN_QUOTED_INCLUDE_IN_FRAMEWORK_HEADER = YES;
				CLANG_WARN_RANGE_LOOP_ANALYSIS = YES;
				CLANG_WARN_STRICT_PROTOTYPES = YES;
				CLANG_WARN_SUSPICIOUS_MOVE = YES;
				CLANG_WARN_UNGUARDED_AVAILABILITY = YES_AGGRESSIVE;
				CLANG_WARN_UNREACHABLE_CODE = YES;
				CLANG_WARN__DUPLICATE_METHOD_MATCH = YES;
				COPY_PHASE_STRIP = NO;
				DEBUG_INFORMATION_FORMAT = dwarf;
				ENABLE_STRICT_OBJC_MSGSEND = YES;
				ENABLE_TESTABILITY = YES;
				GCC_C_LANGUAGE_STANDARD = gnu11;
				GCC_DYNAMIC_NO_PIC = NO;
				GCC_NO_COMMON_BLOCKS = YES;
				GCC_OPTIMIZATION_LEVEL = 0;
				GCC_PREPROCESSOR_DEFINITIONS = (
					"DEBUG=1",
					"$(inherited)",
				);
				GCC_WARN_64_TO_32_BIT_CONVERSION = YES;
				GCC_WARN_ABOUT_RETURN_TYPE = YES_ERROR;
				GCC_WARN_UNDECLARED_SELECTOR = YES;
				GCC_WARN_UNINITIALIZED_AUTOS = YES_AGGRESSIVE;
				GCC_WARN_UNUSED_FUNCTION = YES;
				GCC_WARN_UNUSED_VARIABLE = YES;
				IPHONEOS_DEPLOYMENT_TARGET = 16.0;
				MTL_ENABLE_DEBUG_INFO = INCLUDE_SOURCE;
				MTL_FAST_MATH = YES;
				ONLY_ACTIVE_ARCH = YES;
				SDKROOT = iphoneos;
				SWIFT_ACTIVE_COMPILATION_CONDITIONS = DEBUG;
				SWIFT_OPTIMIZATION_LEVEL = "-Onone";
			};
			name = Debug;
		};
		EE2C77592902689F00D9FE84 /* Release */ = {
			isa = XCBuildConfiguration;
			buildSettings = {
				ALWAYS_SEARCH_USER_PATHS = NO;
				CLANG_ANALYZER_NONNULL = YES;
				CLANG_ANALYZER_NUMBER_OBJECT_CONVERSION = YES_AGGRESSIVE;
				CLANG_CXX_LANGUAGE_STANDARD = "gnu++20";
				CLANG_ENABLE_MODULES = YES;
				CLANG_ENABLE_OBJC_ARC = YES;
				CLANG_ENABLE_OBJC_WEAK = YES;
				CLANG_WARN_BLOCK_CAPTURE_AUTORELEASING = YES;
				CLANG_WARN_BOOL_CONVERSION = YES;
				CLANG_WARN_COMMA = YES;
				CLANG_WARN_CONSTANT_CONVERSION = YES;
				CLANG_WARN_DEPRECATED_OBJC_IMPLEMENTATIONS = YES;
				CLANG_WARN_DIRECT_OBJC_ISA_USAGE = YES_ERROR;
				CLANG_WARN_DOCUMENTATION_COMMENTS = YES;
				CLANG_WARN_EMPTY_BODY = YES;
				CLANG_WARN_ENUM_CONVERSION = YES;
				CLANG_WARN_INFINITE_RECURSION = YES;
				CLANG_WARN_INT_CONVERSION = YES;
				CLANG_WARN_NON_LITERAL_NULL_CONVERSION = YES;
				CLANG_WARN_OBJC_IMPLICIT_RETAIN_SELF = YES;
				CLANG_WARN_OBJC_LITERAL_CONVERSION = YES;
				CLANG_WARN_OBJC_ROOT_CLASS = YES_ERROR;
				CLANG_WARN_QUOTED_INCLUDE_IN_FRAMEWORK_HEADER = YES;
				CLANG_WARN_RANGE_LOOP_ANALYSIS = YES;
				CLANG_WARN_STRICT_PROTOTYPES = YES;
				CLANG_WARN_SUSPICIOUS_MOVE = YES;
				CLANG_WARN_UNGUARDED_AVAILABILITY = YES_AGGRESSIVE;
				CLANG_WARN_UNREACHABLE_CODE = YES;
				CLANG_WARN__DUPLICATE_METHOD_MATCH = YES;
				COPY_PHASE_STRIP = NO;
				DEBUG_INFORMATION_FORMAT = "dwarf-with-dsym";
				ENABLE_NS_ASSERTIONS = NO;
				ENABLE_STRICT_OBJC_MSGSEND = YES;
				GCC_C_LANGUAGE_STANDARD = gnu11;
				GCC_NO_COMMON_BLOCKS = YES;
				GCC_WARN_64_TO_32_BIT_CONVERSION = YES;
				GCC_WARN_ABOUT_RETURN_TYPE = YES_ERROR;
				GCC_WARN_UNDECLARED_SELECTOR = YES;
				GCC_WARN_UNINITIALIZED_AUTOS = YES_AGGRESSIVE;
				GCC_WARN_UNUSED_FUNCTION = YES;
				GCC_WARN_UNUSED_VARIABLE = YES;
				IPHONEOS_DEPLOYMENT_TARGET = 16.0;
				MTL_ENABLE_DEBUG_INFO = NO;
				MTL_FAST_MATH = YES;
				SDKROOT = iphoneos;
				SWIFT_COMPILATION_MODE = wholemodule;
				SWIFT_OPTIMIZATION_LEVEL = "-O";
				VALIDATE_PRODUCT = YES;
			};
			name = Release;
		};
		EE2C775B2902689F00D9FE84 /* Debug */ = {
			isa = XCBuildConfiguration;
			buildSettings = {
				ASSETCATALOG_COMPILER_APPICON_NAME = AppIcon;
				ASSETCATALOG_COMPILER_GLOBAL_ACCENT_COLOR_NAME = AccentColor;
				CODE_SIGN_STYLE = Automatic;
				CURRENT_PROJECT_VERSION = 1;
				DEVELOPMENT_ASSET_PATHS = "\"messaging/Preview Content\"";
				DEVELOPMENT_TEAM = R5955V6BN9;
				ENABLE_PREVIEWS = YES;
				GENERATE_INFOPLIST_FILE = YES;
				INFOPLIST_KEY_CFBundleDisplayName = Scoop;
				INFOPLIST_KEY_LSApplicationCategoryType = "public.app-category.healthcare-fitness";
				INFOPLIST_KEY_UIApplicationSceneManifest_Generation = YES;
				INFOPLIST_KEY_UIApplicationSupportsIndirectInputEvents = YES;
				INFOPLIST_KEY_UILaunchScreen_Generation = YES;
				INFOPLIST_KEY_UISupportedInterfaceOrientations_iPad = "UIInterfaceOrientationPortrait UIInterfaceOrientationPortraitUpsideDown UIInterfaceOrientationLandscapeLeft UIInterfaceOrientationLandscapeRight";
				INFOPLIST_KEY_UISupportedInterfaceOrientations_iPhone = "UIInterfaceOrientationPortrait UIInterfaceOrientationLandscapeLeft UIInterfaceOrientationLandscapeRight";
				LD_RUNPATH_SEARCH_PATHS = (
					"$(inherited)",
					"@executable_path/Frameworks",
				);
				MARKETING_VERSION = 1.0;
				PRODUCT_BUNDLE_IDENTIFIER = fit.scoop.chat;
				PRODUCT_NAME = "$(TARGET_NAME)";
				SWIFT_EMIT_LOC_STRINGS = YES;
				SWIFT_VERSION = 5.0;
				TARGETED_DEVICE_FAMILY = "1,2";
			};
			name = Debug;
		};
		EE2C775C2902689F00D9FE84 /* Release */ = {
			isa = XCBuildConfiguration;
			buildSettings = {
				ASSETCATALOG_COMPILER_APPICON_NAME = AppIcon;
				ASSETCATALOG_COMPILER_GLOBAL_ACCENT_COLOR_NAME = AccentColor;
				CODE_SIGN_STYLE = Automatic;
				CURRENT_PROJECT_VERSION = 1;
				DEVELOPMENT_ASSET_PATHS = "\"messaging/Preview Content\"";
				DEVELOPMENT_TEAM = R5955V6BN9;
				ENABLE_PREVIEWS = YES;
				GENERATE_INFOPLIST_FILE = YES;
				INFOPLIST_KEY_CFBundleDisplayName = Scoop;
				INFOPLIST_KEY_LSApplicationCategoryType = "public.app-category.healthcare-fitness";
				INFOPLIST_KEY_UIApplicationSceneManifest_Generation = YES;
				INFOPLIST_KEY_UIApplicationSupportsIndirectInputEvents = YES;
				INFOPLIST_KEY_UILaunchScreen_Generation = YES;
				INFOPLIST_KEY_UISupportedInterfaceOrientations_iPad = "UIInterfaceOrientationPortrait UIInterfaceOrientationPortraitUpsideDown UIInterfaceOrientationLandscapeLeft UIInterfaceOrientationLandscapeRight";
				INFOPLIST_KEY_UISupportedInterfaceOrientations_iPhone = "UIInterfaceOrientationPortrait UIInterfaceOrientationLandscapeLeft UIInterfaceOrientationLandscapeRight";
				LD_RUNPATH_SEARCH_PATHS = (
					"$(inherited)",
					"@executable_path/Frameworks",
				);
				MARKETING_VERSION = 1.0;
				PRODUCT_BUNDLE_IDENTIFIER = fit.scoop.chat;
				PRODUCT_NAME = "$(TARGET_NAME)";
				SWIFT_EMIT_LOC_STRINGS = YES;
				SWIFT_VERSION = 5.0;
				TARGETED_DEVICE_FAMILY = "1,2";
			};
			name = Release;
		};
/* End XCBuildConfiguration section */

/* Begin XCConfigurationList section */
		EE2C77472902689E00D9FE84 /* Build configuration list for PBXProject "messaging" */ = {
			isa = XCConfigurationList;
			buildConfigurations = (
				EE2C77582902689F00D9FE84 /* Debug */,
				EE2C77592902689F00D9FE84 /* Release */,
			);
			defaultConfigurationIsVisible = 0;
			defaultConfigurationName = Release;
		};
		EE2C775A2902689F00D9FE84 /* Build configuration list for PBXNativeTarget "messaging" */ = {
			isa = XCConfigurationList;
			buildConfigurations = (
				EE2C775B2902689F00D9FE84 /* Debug */,
				EE2C775C2902689F00D9FE84 /* Release */,
			);
			defaultConfigurationIsVisible = 0;
			defaultConfigurationName = Release;
		};
/* End XCConfigurationList section */

/* Begin XCRemoteSwiftPackageReference section */
		EE320D242902E9A00083FF2D /* XCRemoteSwiftPackageReference "Kingfisher" */ = {
			isa = XCRemoteSwiftPackageReference;
			repositoryURL = "https://github.com/onevcat/Kingfisher";
			requirement = {
				kind = upToNextMajorVersion;
				minimumVersion = 7.0.0;
			};
		};
		EE4042D62904CA6E005714A9 /* XCRemoteSwiftPackageReference "firebase-ios-sdk" */ = {
			isa = XCRemoteSwiftPackageReference;
			repositoryURL = "https://github.com/firebase/firebase-ios-sdk.git";
			requirement = {
				kind = upToNextMajorVersion;
				minimumVersion = 9.0.0;
			};
		};
		EE5623FA290E373E00C17B20 /* XCRemoteSwiftPackageReference "instantsearch-ios" */ = {
			isa = XCRemoteSwiftPackageReference;
			repositoryURL = "https://github.com/algolia/instantsearch-ios";
			requirement = {
				kind = upToNextMajorVersion;
				minimumVersion = 7.0.0;
			};
		};
		EE96A181290747D3005E10DB /* XCRemoteSwiftPackageReference "swift-collections" */ = {
			isa = XCRemoteSwiftPackageReference;
			repositoryURL = "https://github.com/apple/swift-collections.git";
			requirement = {
				kind = upToNextMajorVersion;
				minimumVersion = 1.0.0;
			};
		};
		EEB017CD29AF7DD500B4E4E1 /* XCRemoteSwiftPackageReference "algoliasearch-client-swift" */ = {
			isa = XCRemoteSwiftPackageReference;
			repositoryURL = "https://github.com/algolia/algoliasearch-client-swift";
			requirement = {
				kind = upToNextMajorVersion;
				minimumVersion = 8.0.0;
			};
		};
/* End XCRemoteSwiftPackageReference section */

/* Begin XCSwiftPackageProductDependency section */
		EE320D252902E9A00083FF2D /* Kingfisher */ = {
			isa = XCSwiftPackageProductDependency;
			package = EE320D242902E9A00083FF2D /* XCRemoteSwiftPackageReference "Kingfisher" */;
			productName = Kingfisher;
		};
		EE4042D72904CA6F005714A9 /* FirebaseAuth */ = {
			isa = XCSwiftPackageProductDependency;
			package = EE4042D62904CA6E005714A9 /* XCRemoteSwiftPackageReference "firebase-ios-sdk" */;
			productName = FirebaseAuth;
		};
		EE4042D92904CA6F005714A9 /* FirebaseFirestoreSwift */ = {
			isa = XCSwiftPackageProductDependency;
			package = EE4042D62904CA6E005714A9 /* XCRemoteSwiftPackageReference "firebase-ios-sdk" */;
			productName = FirebaseFirestoreSwift;
		};
		EE4042DB2904CA6F005714A9 /* FirebaseFunctions */ = {
			isa = XCSwiftPackageProductDependency;
			package = EE4042D62904CA6E005714A9 /* XCRemoteSwiftPackageReference "firebase-ios-sdk" */;
			productName = FirebaseFunctions;
		};
		EE4042DD2904CA6F005714A9 /* FirebaseMessaging */ = {
			isa = XCSwiftPackageProductDependency;
			package = EE4042D62904CA6E005714A9 /* XCRemoteSwiftPackageReference "firebase-ios-sdk" */;
			productName = FirebaseMessaging;
		};
		EE4042DF2904CA6F005714A9 /* FirebaseStorage */ = {
			isa = XCSwiftPackageProductDependency;
			package = EE4042D62904CA6E005714A9 /* XCRemoteSwiftPackageReference "firebase-ios-sdk" */;
			productName = FirebaseStorage;
		};
		EE5623FB290E373E00C17B20 /* InstantSearchSwiftUI */ = {
			isa = XCSwiftPackageProductDependency;
			package = EE5623FA290E373E00C17B20 /* XCRemoteSwiftPackageReference "instantsearch-ios" */;
			productName = InstantSearchSwiftUI;
		};
		EE96A182290747D3005E10DB /* Collections */ = {
			isa = XCSwiftPackageProductDependency;
			package = EE96A181290747D3005E10DB /* XCRemoteSwiftPackageReference "swift-collections" */;
			productName = Collections;
		};
		EE96A184290747D3005E10DB /* DequeModule */ = {
			isa = XCSwiftPackageProductDependency;
			package = EE96A181290747D3005E10DB /* XCRemoteSwiftPackageReference "swift-collections" */;
			productName = DequeModule;
		};
		EE96A186290747D3005E10DB /* OrderedCollections */ = {
			isa = XCSwiftPackageProductDependency;
			package = EE96A181290747D3005E10DB /* XCRemoteSwiftPackageReference "swift-collections" */;
			productName = OrderedCollections;
		};
		EEB017CE29AF7DD500B4E4E1 /* AlgoliaSearchClient */ = {
			isa = XCSwiftPackageProductDependency;
			package = EEB017CD29AF7DD500B4E4E1 /* XCRemoteSwiftPackageReference "algoliasearch-client-swift" */;
			productName = AlgoliaSearchClient;
		};
/* End XCSwiftPackageProductDependency section */
	};
	rootObject = EE2C77442902689E00D9FE84 /* Project object */;
}
