// !$*UTF8*$!
{
	archiveVersion = 1;
	classes = {
	};
	objectVersion = 56;
	objects = {

/* Begin PBXBuildFile section */
		EE0AFF5A290A88F700C5B899 /* RoundedRect.swift in Sources */ = {isa = PBXBuildFile; fileRef = EE0AFF59290A88F700C5B899 /* RoundedRect.swift */; };
		EE0AFF5C290A8E3700C5B899 /* Protocols.swift in Sources */ = {isa = PBXBuildFile; fileRef = EE0AFF5B290A8E3700C5B899 /* Protocols.swift */; };
		EE0AFF5E290A90BB00C5B899 /* RoundedRectCaps.swift in Sources */ = {isa = PBXBuildFile; fileRef = EE0AFF5D290A90BB00C5B899 /* RoundedRectCaps.swift */; };
		EE0AFF60290ACD6B00C5B899 /* RoundedRectTopRightCap.swift in Sources */ = {isa = PBXBuildFile; fileRef = EE0AFF5F290ACD6B00C5B899 /* RoundedRectTopRightCap.swift */; };
		EE0AFF62290ACE8900C5B899 /* RoundedRectTopLeftCap.swift in Sources */ = {isa = PBXBuildFile; fileRef = EE0AFF61290ACE8900C5B899 /* RoundedRectTopLeftCap.swift */; };
		EE0AFF64290ACF3600C5B899 /* RoundedRectBottomRightCap.swift in Sources */ = {isa = PBXBuildFile; fileRef = EE0AFF63290ACF3600C5B899 /* RoundedRectBottomRightCap.swift */; };
		EE0AFF66290ACF8700C5B899 /* RoundedRectBottomLeftCap.swift in Sources */ = {isa = PBXBuildFile; fileRef = EE0AFF65290ACF8700C5B899 /* RoundedRectBottomLeftCap.swift */; };
		EE24DC482907DFC5002AA125 /* RequiredIntakes.swift in Sources */ = {isa = PBXBuildFile; fileRef = EE24DC472907DFC5002AA125 /* RequiredIntakes.swift */; };
		EE2C77502902689E00D9FE84 /* messagingApp.swift in Sources */ = {isa = PBXBuildFile; fileRef = EE2C774F2902689E00D9FE84 /* messagingApp.swift */; };
		EE2C77522902689E00D9FE84 /* ContentView.swift in Sources */ = {isa = PBXBuildFile; fileRef = EE2C77512902689E00D9FE84 /* ContentView.swift */; };
		EE2C77542902689F00D9FE84 /* Assets.xcassets in Resources */ = {isa = PBXBuildFile; fileRef = EE2C77532902689F00D9FE84 /* Assets.xcassets */; };
		EE2C77572902689F00D9FE84 /* Preview Assets.xcassets in Resources */ = {isa = PBXBuildFile; fileRef = EE2C77562902689F00D9FE84 /* Preview Assets.xcassets */; };
		EE320D1829029CF70083FF2D /* SignInView.swift in Sources */ = {isa = PBXBuildFile; fileRef = EE320D1729029CF70083FF2D /* SignInView.swift */; };
		EE320D1D2902A1060083FF2D /* Colors.swift in Sources */ = {isa = PBXBuildFile; fileRef = EE320D1C2902A1060083FF2D /* Colors.swift */; };
		EE320D1F2902CBAA0083FF2D /* Fonts.swift in Sources */ = {isa = PBXBuildFile; fileRef = EE320D1E2902CBAA0083FF2D /* Fonts.swift */; };
		EE320D212902DAA70083FF2D /* Dimensions.swift in Sources */ = {isa = PBXBuildFile; fileRef = EE320D202902DAA70083FF2D /* Dimensions.swift */; };
		EE320D232902E9320083FF2D /* Labels.swift in Sources */ = {isa = PBXBuildFile; fileRef = EE320D222902E9320083FF2D /* Labels.swift */; };
		EE320D28290313390083FF2D /* ViewModifiers.swift in Sources */ = {isa = PBXBuildFile; fileRef = EE320D27290313390083FF2D /* ViewModifiers.swift */; };
		EE320D2A2903137C0083FF2D /* Constants.swift in Sources */ = {isa = PBXBuildFile; fileRef = EE320D292903137C0083FF2D /* Constants.swift */; };
		EE320D2C290313C80083FF2D /* AllExtensions.swift in Sources */ = {isa = PBXBuildFile; fileRef = EE320D2B290313C80083FF2D /* AllExtensions.swift */; };
		EE320D2E290364BF0083FF2D /* Shapes.swift in Sources */ = {isa = PBXBuildFile; fileRef = EE320D2D290364BF0083FF2D /* Shapes.swift */; };
		EE3FEB3F2B28746A0081E17A /* FDCFoodDataResponse.swift in Sources */ = {isa = PBXBuildFile; fileRef = EE3FEB3E2B28746A0081E17A /* FDCFoodDataResponse.swift */; };
		EE3FEB412B2874B00081E17A /* FDCFood.swift in Sources */ = {isa = PBXBuildFile; fileRef = EE3FEB402B2874B00081E17A /* FDCFood.swift */; };
		EE3FEB432B2874D90081E17A /* FDCfoodNutrientIntake.swift in Sources */ = {isa = PBXBuildFile; fileRef = EE3FEB422B2874D90081E17A /* FDCfoodNutrientIntake.swift */; };
		EE3FEB452B28755B0081E17A /* FDCFoodService.swift in Sources */ = {isa = PBXBuildFile; fileRef = EE3FEB442B28755B0081E17A /* FDCFoodService.swift */; };
		EE4042E22904CCD4005714A9 /* GoogleService-Info.plist in Resources */ = {isa = PBXBuildFile; fileRef = EE4042E12904CCD4005714A9 /* GoogleService-Info.plist */; };
		EE4B61AB2909EF89004E50E3 /* Chart.swift in Sources */ = {isa = PBXBuildFile; fileRef = EE4B61AA2909EF89004E50E3 /* Chart.swift */; };
		EE7B1864290C2D1B006C20EA /* BadgeView.swift in Sources */ = {isa = PBXBuildFile; fileRef = EE7B1863290C2D1B006C20EA /* BadgeView.swift */; };
		EE7B1866290C2D5B006C20EA /* Badge.swift in Sources */ = {isa = PBXBuildFile; fileRef = EE7B1865290C2D5B006C20EA /* Badge.swift */; };
		EE9372422B2F20D8006A18B2 /* FoodItemsListViewModel.swift in Sources */ = {isa = PBXBuildFile; fileRef = EE9372412B2F20D8006A18B2 /* FoodItemsListViewModel.swift */; };
		EE9372462B2F2A93006A18B2 /* VerticalChartView.swift in Sources */ = {isa = PBXBuildFile; fileRef = EE9372452B2F2A93006A18B2 /* VerticalChartView.swift */; };
		EE93724A2B2F77D4006A18B2 /* HorizontalChartView.swift in Sources */ = {isa = PBXBuildFile; fileRef = EE9372492B2F77D4006A18B2 /* HorizontalChartView.swift */; };
		EE9690212B2AD80F006A30DC /* FDCnutrientsMapper.swift in Sources */ = {isa = PBXBuildFile; fileRef = EE9690202B2AD80F006A30DC /* FDCnutrientsMapper.swift */; };
		EE9690232B2ADAF5006A30DC /* FDCfoodNutrient.swift in Sources */ = {isa = PBXBuildFile; fileRef = EE9690222B2ADAF5006A30DC /* FDCfoodNutrient.swift */; };
		EE9690252B2B0B5D006A30DC /* FDCUnits.swift in Sources */ = {isa = PBXBuildFile; fileRef = EE9690242B2B0B5D006A30DC /* FDCUnits.swift */; };
		EE96902D2B2B21ED006A30DC /* Measures.swift in Sources */ = {isa = PBXBuildFile; fileRef = EE96902C2B2B21ED006A30DC /* Measures.swift */; };
		EE96902F2B2B28CC006A30DC /* NutrientIntakes.swift in Sources */ = {isa = PBXBuildFile; fileRef = EE96902E2B2B28CC006A30DC /* NutrientIntakes.swift */; };
		EE96A17A2906DE89005E10DB /* RoundedLineView.swift in Sources */ = {isa = PBXBuildFile; fileRef = EE96A1792906DE89005E10DB /* RoundedLineView.swift */; };
		EE96A17C29071B8C005E10DB /* Line.swift in Sources */ = {isa = PBXBuildFile; fileRef = EE96A17B29071B8C005E10DB /* Line.swift */; };
		EE96A17E29071CE9005E10DB /* LineCaps.swift in Sources */ = {isa = PBXBuildFile; fileRef = EE96A17D29071CE9005E10DB /* LineCaps.swift */; };
		EE96A1802907205A005E10DB /* FlexibleRoundedLine.swift in Sources */ = {isa = PBXBuildFile; fileRef = EE96A17F2907205A005E10DB /* FlexibleRoundedLine.swift */; };
		EE97DD302905539B006C86AD /* FoodDetailMacrosView.swift in Sources */ = {isa = PBXBuildFile; fileRef = EE97DD2F2905539B006C86AD /* FoodDetailMacrosView.swift */; };
		EE97DD32290553AC006C86AD /* FoodItemCellView.swift in Sources */ = {isa = PBXBuildFile; fileRef = EE97DD31290553AC006C86AD /* FoodItemCellView.swift */; };
		EE97DD34290553B9006C86AD /* FoodItemsListView.swift in Sources */ = {isa = PBXBuildFile; fileRef = EE97DD33290553B9006C86AD /* FoodItemsListView.swift */; };
		EE97DD36290553FA006C86AD /* User.swift in Sources */ = {isa = PBXBuildFile; fileRef = EE97DD35290553FA006C86AD /* User.swift */; };
		EE97DD3829058FE7006C86AD /* VerticalLine.swift in Sources */ = {isa = PBXBuildFile; fileRef = EE97DD3729058FE6006C86AD /* VerticalLine.swift */; };
		EE97DD3A2905967D006C86AD /* HorizontalLine.swift in Sources */ = {isa = PBXBuildFile; fileRef = EE97DD392905967D006C86AD /* HorizontalLine.swift */; };
		EE97DD3C290599B6006C86AD /* CardView.swift in Sources */ = {isa = PBXBuildFile; fileRef = EE97DD3B290599B6006C86AD /* CardView.swift */; };
		EE97DD3E2905A88B006C86AD /* Nutrient.swift in Sources */ = {isa = PBXBuildFile; fileRef = EE97DD3D2905A88B006C86AD /* Nutrient.swift */; };
		EE97DD402905BDD3006C86AD /* FlexibleVerticalLine.swift in Sources */ = {isa = PBXBuildFile; fileRef = EE97DD3F2905BDD3006C86AD /* FlexibleVerticalLine.swift */; };
		EE97DD422905C93F006C86AD /* FlexibleHorizontalLine.swift in Sources */ = {isa = PBXBuildFile; fileRef = EE97DD412905C93F006C86AD /* FlexibleHorizontalLine.swift */; };
		EE9F2BD02B31C73F009D9683 /* FoodScoring.swift in Sources */ = {isa = PBXBuildFile; fileRef = EE9F2BCF2B31C73F009D9683 /* FoodScoring.swift */; };
		EEB6AE7C2B2D921900C8EBE5 /* Serving.swift in Sources */ = {isa = PBXBuildFile; fileRef = EEB6AE7B2B2D921900C8EBE5 /* Serving.swift */; };
		EEB6AE7E2B2DB0D600C8EBE5 /* FoodNutrientParser.swift in Sources */ = {isa = PBXBuildFile; fileRef = EEB6AE7D2B2DB0D600C8EBE5 /* FoodNutrientParser.swift */; };
		EEC119C42B33A79D006321EC /* Collections in Frameworks */ = {isa = PBXBuildFile; productRef = EEC119C32B33A79D006321EC /* Collections */; };
		EEC119C62B33A79D006321EC /* DequeModule in Frameworks */ = {isa = PBXBuildFile; productRef = EEC119C52B33A79D006321EC /* DequeModule */; };
		EEC119C82B33A79D006321EC /* OrderedCollections in Frameworks */ = {isa = PBXBuildFile; productRef = EEC119C72B33A79D006321EC /* OrderedCollections */; };
		EEC26E8C2904A50D002BCF97 /* ProfileView.swift in Sources */ = {isa = PBXBuildFile; fileRef = EEC26E8B2904A50D002BCF97 /* ProfileView.swift */; };
		EED1A5C62B2EE7170096CA07 /* DictionariesSetOperations.swift in Sources */ = {isa = PBXBuildFile; fileRef = EED1A5C52B2EE7170096CA07 /* DictionariesSetOperations.swift */; };
		EED1A5C82B2EE8380096CA07 /* SetExtensions.swift in Sources */ = {isa = PBXBuildFile; fileRef = EED1A5C72B2EE8380096CA07 /* SetExtensions.swift */; };
		EED1A5CA2B2EE8A90096CA07 /* ArraysZip.swift in Sources */ = {isa = PBXBuildFile; fileRef = EED1A5C92B2EE8A90096CA07 /* ArraysZip.swift */; };
		EED1A5CC2B2EE8F20096CA07 /* OrderedDictionaryExtensions.swift in Sources */ = {isa = PBXBuildFile; fileRef = EED1A5CB2B2EE8F20096CA07 /* OrderedDictionaryExtensions.swift */; };
		EED1A5CE2B2EE95F0096CA07 /* CoreGraphicsExtensions.swift in Sources */ = {isa = PBXBuildFile; fileRef = EED1A5CD2B2EE95F0096CA07 /* CoreGraphicsExtensions.swift */; };
		EEDB3C76290ADD6400D8AB20 /* FlexibleRoundedRect.swift in Sources */ = {isa = PBXBuildFile; fileRef = EEDB3C75290ADD6400D8AB20 /* FlexibleRoundedRect.swift */; };
		EEDB3C78290ADE2500D8AB20 /* RoundedRectView.swift in Sources */ = {isa = PBXBuildFile; fileRef = EEDB3C77290ADE2500D8AB20 /* RoundedRectView.swift */; };
		EEDB3C7A290ADF0D00D8AB20 /* RoundedRectCore.swift in Sources */ = {isa = PBXBuildFile; fileRef = EEDB3C79290ADF0D00D8AB20 /* RoundedRectCore.swift */; };
		EEED918E2B32E6C200E9094F /* ScoopButtonLabelView.swift in Sources */ = {isa = PBXBuildFile; fileRef = EEED918D2B32E6C200E9094F /* ScoopButtonLabelView.swift */; };
		EEED91902B32E85800E9094F /* ScoopTextField.swift in Sources */ = {isa = PBXBuildFile; fileRef = EEED918F2B32E85800E9094F /* ScoopTextField.swift */; };
		EEED91932B32EA8C00E9094F /* NutrientDetailView.swift in Sources */ = {isa = PBXBuildFile; fileRef = EEED91922B32EA8C00E9094F /* NutrientDetailView.swift */; };
		EEED91952B32F20300E9094F /* ScoopButton.swift in Sources */ = {isa = PBXBuildFile; fileRef = EEED91942B32F20300E9094F /* ScoopButton.swift */; };
		EEED91972B32F53700E9094F /* GettingTheInsideScoopView.swift in Sources */ = {isa = PBXBuildFile; fileRef = EEED91962B32F53700E9094F /* GettingTheInsideScoopView.swift */; };
		EEED91992B32F5C400E9094F /* StringExtensions.swift in Sources */ = {isa = PBXBuildFile; fileRef = EEED91982B32F5C400E9094F /* StringExtensions.swift */; };
		EEF504ED2B345FD80001F1DC /* ScannerViewModel.swift in Sources */ = {isa = PBXBuildFile; fileRef = EEF504EC2B345FD80001F1DC /* ScannerViewModel.swift */; };
		EEF504EF2B34A1720001F1DC /* ScoopTabView.swift in Sources */ = {isa = PBXBuildFile; fileRef = EEF504EE2B34A1720001F1DC /* ScoopTabView.swift */; };
		EEF504F12B34D34B0001F1DC /* TextFieldAutoCompleteView.swift in Sources */ = {isa = PBXBuildFile; fileRef = EEF504F02B34D34B0001F1DC /* TextFieldAutoCompleteView.swift */; };
		EEF927F92B35A37800A87C2E /* ScoopTextFieldAutocomplete.swift in Sources */ = {isa = PBXBuildFile; fileRef = EEF927F82B35A37800A87C2E /* ScoopTextFieldAutocomplete.swift */; };
		EEF927FB2B35F3B100A87C2E /* ChartView.swift in Sources */ = {isa = PBXBuildFile; fileRef = EEF927FA2B35F3B100A87C2E /* ChartView.swift */; };
		EEF927FE2B36043C00A87C2E /* ChartTitleView.swift in Sources */ = {isa = PBXBuildFile; fileRef = EEF927FD2B36043C00A87C2E /* ChartTitleView.swift */; };
		EEF928002B3604CF00A87C2E /* AxisTitlesView.swift in Sources */ = {isa = PBXBuildFile; fileRef = EEF927FF2B3604CF00A87C2E /* AxisTitlesView.swift */; };
		EEF928022B36069A00A87C2E /* BarsView.swift in Sources */ = {isa = PBXBuildFile; fileRef = EEF928012B36069A00A87C2E /* BarsView.swift */; };
		EEF928042B360ADD00A87C2E /* ItemDescriptionView.swift in Sources */ = {isa = PBXBuildFile; fileRef = EEF928032B360ADD00A87C2E /* ItemDescriptionView.swift */; };
		EEF928072B360EEA00A87C2E /* NutrientProfile.swift in Sources */ = {isa = PBXBuildFile; fileRef = EEF928062B360EEA00A87C2E /* NutrientProfile.swift */; };
		EEF9280A2B36101C00A87C2E /* Units.swift in Sources */ = {isa = PBXBuildFile; fileRef = EEF928092B36101C00A87C2E /* Units.swift */; };
		EEFA18A52B336D2A009DD73C /* ScannerContentView.swift in Sources */ = {isa = PBXBuildFile; fileRef = EEFA18A42B336D2A009DD73C /* ScannerContentView.swift */; };
		EEFA18B02B33A04E009DD73C /* DataScannerView.swift in Sources */ = {isa = PBXBuildFile; fileRef = EEFA18AF2B33A04E009DD73C /* DataScannerView.swift */; };
/* End PBXBuildFile section */

/* Begin PBXFileReference section */
		EE0AFF59290A88F700C5B899 /* RoundedRect.swift */ = {isa = PBXFileReference; lastKnownFileType = sourcecode.swift; path = RoundedRect.swift; sourceTree = "<group>"; };
		EE0AFF5B290A8E3700C5B899 /* Protocols.swift */ = {isa = PBXFileReference; lastKnownFileType = sourcecode.swift; path = Protocols.swift; sourceTree = "<group>"; };
		EE0AFF5D290A90BB00C5B899 /* RoundedRectCaps.swift */ = {isa = PBXFileReference; lastKnownFileType = sourcecode.swift; path = RoundedRectCaps.swift; sourceTree = "<group>"; };
		EE0AFF5F290ACD6B00C5B899 /* RoundedRectTopRightCap.swift */ = {isa = PBXFileReference; lastKnownFileType = sourcecode.swift; path = RoundedRectTopRightCap.swift; sourceTree = "<group>"; };
		EE0AFF61290ACE8900C5B899 /* RoundedRectTopLeftCap.swift */ = {isa = PBXFileReference; lastKnownFileType = sourcecode.swift; path = RoundedRectTopLeftCap.swift; sourceTree = "<group>"; };
		EE0AFF63290ACF3600C5B899 /* RoundedRectBottomRightCap.swift */ = {isa = PBXFileReference; lastKnownFileType = sourcecode.swift; path = RoundedRectBottomRightCap.swift; sourceTree = "<group>"; };
		EE0AFF65290ACF8700C5B899 /* RoundedRectBottomLeftCap.swift */ = {isa = PBXFileReference; lastKnownFileType = sourcecode.swift; path = RoundedRectBottomLeftCap.swift; sourceTree = "<group>"; };
		EE24DC472907DFC5002AA125 /* RequiredIntakes.swift */ = {isa = PBXFileReference; lastKnownFileType = sourcecode.swift; path = RequiredIntakes.swift; sourceTree = "<group>"; };
		EE2C774C2902689E00D9FE84 /* messaging.app */ = {isa = PBXFileReference; explicitFileType = wrapper.application; includeInIndex = 0; path = messaging.app; sourceTree = BUILT_PRODUCTS_DIR; };
		EE2C774F2902689E00D9FE84 /* messagingApp.swift */ = {isa = PBXFileReference; lastKnownFileType = sourcecode.swift; path = messagingApp.swift; sourceTree = "<group>"; };
		EE2C77512902689E00D9FE84 /* ContentView.swift */ = {isa = PBXFileReference; lastKnownFileType = sourcecode.swift; path = ContentView.swift; sourceTree = "<group>"; };
		EE2C77532902689F00D9FE84 /* Assets.xcassets */ = {isa = PBXFileReference; lastKnownFileType = folder.assetcatalog; path = Assets.xcassets; sourceTree = "<group>"; };
		EE2C77562902689F00D9FE84 /* Preview Assets.xcassets */ = {isa = PBXFileReference; lastKnownFileType = folder.assetcatalog; path = "Preview Assets.xcassets"; sourceTree = "<group>"; };
		EE320D1729029CF70083FF2D /* SignInView.swift */ = {isa = PBXFileReference; lastKnownFileType = sourcecode.swift; path = SignInView.swift; sourceTree = "<group>"; };
		EE320D1C2902A1060083FF2D /* Colors.swift */ = {isa = PBXFileReference; lastKnownFileType = sourcecode.swift; path = Colors.swift; sourceTree = "<group>"; };
		EE320D1E2902CBAA0083FF2D /* Fonts.swift */ = {isa = PBXFileReference; lastKnownFileType = sourcecode.swift; path = Fonts.swift; sourceTree = "<group>"; };
		EE320D202902DAA70083FF2D /* Dimensions.swift */ = {isa = PBXFileReference; lastKnownFileType = sourcecode.swift; path = Dimensions.swift; sourceTree = "<group>"; };
		EE320D222902E9320083FF2D /* Labels.swift */ = {isa = PBXFileReference; lastKnownFileType = sourcecode.swift; path = Labels.swift; sourceTree = "<group>"; };
		EE320D27290313390083FF2D /* ViewModifiers.swift */ = {isa = PBXFileReference; lastKnownFileType = sourcecode.swift; path = ViewModifiers.swift; sourceTree = "<group>"; };
		EE320D292903137C0083FF2D /* Constants.swift */ = {isa = PBXFileReference; lastKnownFileType = sourcecode.swift; path = Constants.swift; sourceTree = "<group>"; };
		EE320D2B290313C80083FF2D /* AllExtensions.swift */ = {isa = PBXFileReference; lastKnownFileType = sourcecode.swift; path = AllExtensions.swift; sourceTree = "<group>"; };
		EE320D2D290364BF0083FF2D /* Shapes.swift */ = {isa = PBXFileReference; lastKnownFileType = sourcecode.swift; path = Shapes.swift; sourceTree = "<group>"; };
		EE3FEB3E2B28746A0081E17A /* FDCFoodDataResponse.swift */ = {isa = PBXFileReference; lastKnownFileType = sourcecode.swift; path = FDCFoodDataResponse.swift; sourceTree = "<group>"; };
		EE3FEB402B2874B00081E17A /* FDCFood.swift */ = {isa = PBXFileReference; lastKnownFileType = sourcecode.swift; path = FDCFood.swift; sourceTree = "<group>"; };
		EE3FEB422B2874D90081E17A /* FDCfoodNutrientIntake.swift */ = {isa = PBXFileReference; lastKnownFileType = sourcecode.swift; path = FDCfoodNutrientIntake.swift; sourceTree = "<group>"; };
		EE3FEB442B28755B0081E17A /* FDCFoodService.swift */ = {isa = PBXFileReference; lastKnownFileType = sourcecode.swift; path = FDCFoodService.swift; sourceTree = "<group>"; };
		EE4042E12904CCD4005714A9 /* GoogleService-Info.plist */ = {isa = PBXFileReference; fileEncoding = 4; lastKnownFileType = text.plist.xml; name = "GoogleService-Info.plist"; path = "../../GoogleService-Info.plist"; sourceTree = "<group>"; };
		EE4B61AA2909EF89004E50E3 /* Chart.swift */ = {isa = PBXFileReference; lastKnownFileType = sourcecode.swift; path = Chart.swift; sourceTree = "<group>"; };
		EE7B1863290C2D1B006C20EA /* BadgeView.swift */ = {isa = PBXFileReference; lastKnownFileType = sourcecode.swift; path = BadgeView.swift; sourceTree = "<group>"; };
		EE7B1865290C2D5B006C20EA /* Badge.swift */ = {isa = PBXFileReference; lastKnownFileType = sourcecode.swift; path = Badge.swift; sourceTree = "<group>"; };
		EE9372412B2F20D8006A18B2 /* FoodItemsListViewModel.swift */ = {isa = PBXFileReference; lastKnownFileType = sourcecode.swift; path = FoodItemsListViewModel.swift; sourceTree = "<group>"; };
		EE9372452B2F2A93006A18B2 /* VerticalChartView.swift */ = {isa = PBXFileReference; lastKnownFileType = sourcecode.swift; path = VerticalChartView.swift; sourceTree = "<group>"; };
		EE9372492B2F77D4006A18B2 /* HorizontalChartView.swift */ = {isa = PBXFileReference; lastKnownFileType = sourcecode.swift; path = HorizontalChartView.swift; sourceTree = "<group>"; };
		EE9690202B2AD80F006A30DC /* FDCnutrientsMapper.swift */ = {isa = PBXFileReference; lastKnownFileType = sourcecode.swift; path = FDCnutrientsMapper.swift; sourceTree = "<group>"; };
		EE9690222B2ADAF5006A30DC /* FDCfoodNutrient.swift */ = {isa = PBXFileReference; lastKnownFileType = sourcecode.swift; path = FDCfoodNutrient.swift; sourceTree = "<group>"; };
		EE9690242B2B0B5D006A30DC /* FDCUnits.swift */ = {isa = PBXFileReference; lastKnownFileType = sourcecode.swift; path = FDCUnits.swift; sourceTree = "<group>"; };
		EE96902C2B2B21ED006A30DC /* Measures.swift */ = {isa = PBXFileReference; lastKnownFileType = sourcecode.swift; path = Measures.swift; sourceTree = "<group>"; };
		EE96902E2B2B28CC006A30DC /* NutrientIntakes.swift */ = {isa = PBXFileReference; lastKnownFileType = sourcecode.swift; path = NutrientIntakes.swift; sourceTree = "<group>"; };
		EE96A1792906DE89005E10DB /* RoundedLineView.swift */ = {isa = PBXFileReference; lastKnownFileType = sourcecode.swift; path = RoundedLineView.swift; sourceTree = "<group>"; };
		EE96A17B29071B8C005E10DB /* Line.swift */ = {isa = PBXFileReference; lastKnownFileType = sourcecode.swift; path = Line.swift; sourceTree = "<group>"; };
		EE96A17D29071CE9005E10DB /* LineCaps.swift */ = {isa = PBXFileReference; lastKnownFileType = sourcecode.swift; path = LineCaps.swift; sourceTree = "<group>"; };
		EE96A17F2907205A005E10DB /* FlexibleRoundedLine.swift */ = {isa = PBXFileReference; lastKnownFileType = sourcecode.swift; path = FlexibleRoundedLine.swift; sourceTree = "<group>"; };
		EE97DD2F2905539B006C86AD /* FoodDetailMacrosView.swift */ = {isa = PBXFileReference; lastKnownFileType = sourcecode.swift; path = FoodDetailMacrosView.swift; sourceTree = "<group>"; };
		EE97DD31290553AC006C86AD /* FoodItemCellView.swift */ = {isa = PBXFileReference; lastKnownFileType = sourcecode.swift; path = FoodItemCellView.swift; sourceTree = "<group>"; };
		EE97DD33290553B9006C86AD /* FoodItemsListView.swift */ = {isa = PBXFileReference; lastKnownFileType = sourcecode.swift; path = FoodItemsListView.swift; sourceTree = "<group>"; };
		EE97DD35290553FA006C86AD /* User.swift */ = {isa = PBXFileReference; lastKnownFileType = sourcecode.swift; path = User.swift; sourceTree = "<group>"; };
		EE97DD3729058FE6006C86AD /* VerticalLine.swift */ = {isa = PBXFileReference; lastKnownFileType = sourcecode.swift; path = VerticalLine.swift; sourceTree = "<group>"; };
		EE97DD392905967D006C86AD /* HorizontalLine.swift */ = {isa = PBXFileReference; lastKnownFileType = sourcecode.swift; path = HorizontalLine.swift; sourceTree = "<group>"; };
		EE97DD3B290599B6006C86AD /* CardView.swift */ = {isa = PBXFileReference; lastKnownFileType = sourcecode.swift; path = CardView.swift; sourceTree = "<group>"; };
		EE97DD3D2905A88B006C86AD /* Nutrient.swift */ = {isa = PBXFileReference; lastKnownFileType = sourcecode.swift; path = Nutrient.swift; sourceTree = "<group>"; };
		EE97DD3F2905BDD3006C86AD /* FlexibleVerticalLine.swift */ = {isa = PBXFileReference; lastKnownFileType = sourcecode.swift; path = FlexibleVerticalLine.swift; sourceTree = "<group>"; };
		EE97DD412905C93F006C86AD /* FlexibleHorizontalLine.swift */ = {isa = PBXFileReference; lastKnownFileType = sourcecode.swift; path = FlexibleHorizontalLine.swift; sourceTree = "<group>"; };
		EE9F2BCF2B31C73F009D9683 /* FoodScoring.swift */ = {isa = PBXFileReference; lastKnownFileType = sourcecode.swift; path = FoodScoring.swift; sourceTree = "<group>"; };
		EEB6AE7B2B2D921900C8EBE5 /* Serving.swift */ = {isa = PBXFileReference; lastKnownFileType = sourcecode.swift; path = Serving.swift; sourceTree = "<group>"; };
		EEB6AE7D2B2DB0D600C8EBE5 /* FoodNutrientParser.swift */ = {isa = PBXFileReference; lastKnownFileType = sourcecode.swift; path = FoodNutrientParser.swift; sourceTree = "<group>"; };
		EEC26E8B2904A50D002BCF97 /* ProfileView.swift */ = {isa = PBXFileReference; lastKnownFileType = sourcecode.swift; path = ProfileView.swift; sourceTree = "<group>"; };
		EED1A5C52B2EE7170096CA07 /* DictionariesSetOperations.swift */ = {isa = PBXFileReference; lastKnownFileType = sourcecode.swift; path = DictionariesSetOperations.swift; sourceTree = "<group>"; };
		EED1A5C72B2EE8380096CA07 /* SetExtensions.swift */ = {isa = PBXFileReference; lastKnownFileType = sourcecode.swift; path = SetExtensions.swift; sourceTree = "<group>"; };
		EED1A5C92B2EE8A90096CA07 /* ArraysZip.swift */ = {isa = PBXFileReference; lastKnownFileType = sourcecode.swift; path = ArraysZip.swift; sourceTree = "<group>"; };
		EED1A5CB2B2EE8F20096CA07 /* OrderedDictionaryExtensions.swift */ = {isa = PBXFileReference; lastKnownFileType = sourcecode.swift; path = OrderedDictionaryExtensions.swift; sourceTree = "<group>"; };
		EED1A5CD2B2EE95F0096CA07 /* CoreGraphicsExtensions.swift */ = {isa = PBXFileReference; lastKnownFileType = sourcecode.swift; path = CoreGraphicsExtensions.swift; sourceTree = "<group>"; };
		EEDB3C75290ADD6400D8AB20 /* FlexibleRoundedRect.swift */ = {isa = PBXFileReference; lastKnownFileType = sourcecode.swift; path = FlexibleRoundedRect.swift; sourceTree = "<group>"; };
		EEDB3C77290ADE2500D8AB20 /* RoundedRectView.swift */ = {isa = PBXFileReference; lastKnownFileType = sourcecode.swift; path = RoundedRectView.swift; sourceTree = "<group>"; };
		EEDB3C79290ADF0D00D8AB20 /* RoundedRectCore.swift */ = {isa = PBXFileReference; lastKnownFileType = sourcecode.swift; path = RoundedRectCore.swift; sourceTree = "<group>"; };
		EEED918D2B32E6C200E9094F /* ScoopButtonLabelView.swift */ = {isa = PBXFileReference; lastKnownFileType = sourcecode.swift; path = ScoopButtonLabelView.swift; sourceTree = "<group>"; };
		EEED918F2B32E85800E9094F /* ScoopTextField.swift */ = {isa = PBXFileReference; lastKnownFileType = sourcecode.swift; path = ScoopTextField.swift; sourceTree = "<group>"; };
		EEED91922B32EA8C00E9094F /* NutrientDetailView.swift */ = {isa = PBXFileReference; lastKnownFileType = sourcecode.swift; path = NutrientDetailView.swift; sourceTree = "<group>"; };
		EEED91942B32F20300E9094F /* ScoopButton.swift */ = {isa = PBXFileReference; lastKnownFileType = sourcecode.swift; path = ScoopButton.swift; sourceTree = "<group>"; };
		EEED91962B32F53700E9094F /* GettingTheInsideScoopView.swift */ = {isa = PBXFileReference; lastKnownFileType = sourcecode.swift; path = GettingTheInsideScoopView.swift; sourceTree = "<group>"; };
		EEED91982B32F5C400E9094F /* StringExtensions.swift */ = {isa = PBXFileReference; lastKnownFileType = sourcecode.swift; path = StringExtensions.swift; sourceTree = "<group>"; };
		EEF504EC2B345FD80001F1DC /* ScannerViewModel.swift */ = {isa = PBXFileReference; lastKnownFileType = sourcecode.swift; path = ScannerViewModel.swift; sourceTree = "<group>"; };
		EEF504EE2B34A1720001F1DC /* ScoopTabView.swift */ = {isa = PBXFileReference; lastKnownFileType = sourcecode.swift; path = ScoopTabView.swift; sourceTree = "<group>"; };
		EEF504F02B34D34B0001F1DC /* TextFieldAutoCompleteView.swift */ = {isa = PBXFileReference; lastKnownFileType = sourcecode.swift; path = TextFieldAutoCompleteView.swift; sourceTree = "<group>"; };
		EEF927F82B35A37800A87C2E /* ScoopTextFieldAutocomplete.swift */ = {isa = PBXFileReference; lastKnownFileType = sourcecode.swift; path = ScoopTextFieldAutocomplete.swift; sourceTree = "<group>"; };
		EEF927FA2B35F3B100A87C2E /* ChartView.swift */ = {isa = PBXFileReference; lastKnownFileType = sourcecode.swift; path = ChartView.swift; sourceTree = "<group>"; };
		EEF927FD2B36043C00A87C2E /* ChartTitleView.swift */ = {isa = PBXFileReference; lastKnownFileType = sourcecode.swift; path = ChartTitleView.swift; sourceTree = "<group>"; };
		EEF927FF2B3604CF00A87C2E /* AxisTitlesView.swift */ = {isa = PBXFileReference; lastKnownFileType = sourcecode.swift; path = AxisTitlesView.swift; sourceTree = "<group>"; };
		EEF928012B36069A00A87C2E /* BarsView.swift */ = {isa = PBXFileReference; lastKnownFileType = sourcecode.swift; path = BarsView.swift; sourceTree = "<group>"; };
		EEF928032B360ADD00A87C2E /* ItemDescriptionView.swift */ = {isa = PBXFileReference; lastKnownFileType = sourcecode.swift; path = ItemDescriptionView.swift; sourceTree = "<group>"; };
		EEF928062B360EEA00A87C2E /* NutrientProfile.swift */ = {isa = PBXFileReference; lastKnownFileType = sourcecode.swift; path = NutrientProfile.swift; sourceTree = "<group>"; };
		EEF928092B36101C00A87C2E /* Units.swift */ = {isa = PBXFileReference; lastKnownFileType = sourcecode.swift; path = Units.swift; sourceTree = "<group>"; };
		EEFA18A42B336D2A009DD73C /* ScannerContentView.swift */ = {isa = PBXFileReference; lastKnownFileType = sourcecode.swift; path = ScannerContentView.swift; sourceTree = "<group>"; };
		EEFA18AF2B33A04E009DD73C /* DataScannerView.swift */ = {isa = PBXFileReference; lastKnownFileType = sourcecode.swift; path = DataScannerView.swift; sourceTree = "<group>"; };
/* End PBXFileReference section */

/* Begin PBXFrameworksBuildPhase section */
		EE2C77492902689E00D9FE84 /* Frameworks */ = {
			isa = PBXFrameworksBuildPhase;
			buildActionMask = 2147483647;
			files = (
				EEC119C42B33A79D006321EC /* Collections in Frameworks */,
				EEC119C62B33A79D006321EC /* DequeModule in Frameworks */,
				EEC119C82B33A79D006321EC /* OrderedCollections in Frameworks */,
			);
			runOnlyForDeploymentPostprocessing = 0;
		};
/* End PBXFrameworksBuildPhase section */

/* Begin PBXGroup section */
		EE2C77432902689E00D9FE84 = {
			isa = PBXGroup;
			children = (
				EE2C774E2902689E00D9FE84 /* messaging */,
				EE2C774D2902689E00D9FE84 /* Products */,
			);
			sourceTree = "<group>";
		};
		EE2C774D2902689E00D9FE84 /* Products */ = {
			isa = PBXGroup;
			children = (
				EE2C774C2902689E00D9FE84 /* messaging.app */,
			);
			name = Products;
			sourceTree = "<group>";
		};
		EE2C774E2902689E00D9FE84 /* messaging */ = {
			isa = PBXGroup;
			children = (
				EE2C774F2902689E00D9FE84 /* messagingApp.swift */,
				EE2C776A29026AD100D9FE84 /* Models */,
				EE2C776929026ACC00D9FE84 /* Views */,
				EE2C776829026AB800D9FE84 /* ViewModels */,
				EE2C776729026AB200D9FE84 /* API */,
				EE2C776629026AAE00D9FE84 /* Utils */,
				EE4042E12904CCD4005714A9 /* GoogleService-Info.plist */,
				EE2C77532902689F00D9FE84 /* Assets.xcassets */,
				EE2C77552902689F00D9FE84 /* Preview Content */,
			);
			path = messaging;
			sourceTree = "<group>";
		};
		EE2C77552902689F00D9FE84 /* Preview Content */ = {
			isa = PBXGroup;
			children = (
				EE2C77562902689F00D9FE84 /* Preview Assets.xcassets */,
			);
			path = "Preview Content";
			sourceTree = "<group>";
		};
		EE2C776629026AAE00D9FE84 /* Utils */ = {
			isa = PBXGroup;
			children = (
				EED1A5C42B2EE69F0096CA07 /* Extensions */,
				EE320D292903137C0083FF2D /* Constants.swift */,
				EE0AFF5B290A8E3700C5B899 /* Protocols.swift */,
				EE320D222902E9320083FF2D /* Labels.swift */,
				EEB6AE7D2B2DB0D600C8EBE5 /* FoodNutrientParser.swift */,
			);
			path = Utils;
			sourceTree = "<group>";
		};
		EE2C776729026AB200D9FE84 /* API */ = {
			isa = PBXGroup;
			children = (
				EE3FEB442B28755B0081E17A /* FDCFoodService.swift */,
			);
			path = API;
			sourceTree = "<group>";
		};
		EE2C776829026AB800D9FE84 /* ViewModels */ = {
			isa = PBXGroup;
			children = (
				EE9372412B2F20D8006A18B2 /* FoodItemsListViewModel.swift */,
			);
			path = ViewModels;
			sourceTree = "<group>";
		};
		EE2C776929026ACC00D9FE84 /* Views */ = {
			isa = PBXGroup;
			children = (
				EE2C77512902689E00D9FE84 /* ContentView.swift */,
				EEED91912B32EA6300E9094F /* Chart */,
				EEED918C2B32E69700E9094F /* Labels Buttons and Text Fields */,
				EEED91872B32D5F500E9094F /* Scanner */,
				EE5623FD290E39BB00C17B20 /* Search */,
				EE97DD2A29055301006C86AD /* Food */,
				EEC26E8A2904A4FA002BCF97 /* Profile */,
				EE320D1B2902A0F20083FF2D /* Styling */,
				EE320D1629029CE00083FF2D /* Authentication */,
				EEF504EE2B34A1720001F1DC /* ScoopTabView.swift */,
				EEF504F02B34D34B0001F1DC /* TextFieldAutoCompleteView.swift */,
			);
			path = Views;
			sourceTree = "<group>";
		};
		EE2C776A29026AD100D9FE84 /* Models */ = {
			isa = PBXGroup;
			children = (
				EEF928082B360FEE00A87C2E /* Measurement */,
				EE9372402B2F0C09006A18B2 /* Protocols */,
				EEF928052B360E3700A87C2E /* Nutrients */,
				EE4B61AA2909EF89004E50E3 /* Chart.swift */,
				EE0AFF59290A88F700C5B899 /* RoundedRect.swift */,
				EE7B1865290C2D5B006C20EA /* Badge.swift */,
				EE97DD35290553FA006C86AD /* User.swift */,
				EE3FEB462B2875990081E17A /* FDC */,
				EE9F2BCF2B31C73F009D9683 /* FoodScoring.swift */,
			);
			path = Models;
			sourceTree = "<group>";
		};
		EE320D1629029CE00083FF2D /* Authentication */ = {
			isa = PBXGroup;
			children = (
				EE320D1729029CF70083FF2D /* SignInView.swift */,
			);
			path = Authentication;
			sourceTree = "<group>";
		};
		EE320D1B2902A0F20083FF2D /* Styling */ = {
			isa = PBXGroup;
			children = (
				EE320D1C2902A1060083FF2D /* Colors.swift */,
				EE320D1E2902CBAA0083FF2D /* Fonts.swift */,
				EE320D202902DAA70083FF2D /* Dimensions.swift */,
				EE320D27290313390083FF2D /* ViewModifiers.swift */,
				EE320D2D290364BF0083FF2D /* Shapes.swift */,
				EE7B1860290C0498006C20EA /* Lines and Chart Bars */,
			);
			path = Styling;
			sourceTree = "<group>";
		};
		EE3FEB462B2875990081E17A /* FDC */ = {
			isa = PBXGroup;
			children = (
				EE3FEB3E2B28746A0081E17A /* FDCFoodDataResponse.swift */,
				EE3FEB402B2874B00081E17A /* FDCFood.swift */,
				EE3FEB422B2874D90081E17A /* FDCfoodNutrientIntake.swift */,
				EE9690222B2ADAF5006A30DC /* FDCfoodNutrient.swift */,
				EE9690202B2AD80F006A30DC /* FDCnutrientsMapper.swift */,
				EE9690242B2B0B5D006A30DC /* FDCUnits.swift */,
			);
			path = FDC;
			sourceTree = "<group>";
		};
		EE5623FD290E39BB00C17B20 /* Search */ = {
			isa = PBXGroup;
			children = (
			);
			path = Search;
			sourceTree = "<group>";
		};
		EE7B1860290C0498006C20EA /* Lines and Chart Bars */ = {
			isa = PBXGroup;
			children = (
				EE97DD3729058FE6006C86AD /* VerticalLine.swift */,
				EE97DD392905967D006C86AD /* HorizontalLine.swift */,
				EE97DD3F2905BDD3006C86AD /* FlexibleVerticalLine.swift */,
				EE97DD412905C93F006C86AD /* FlexibleHorizontalLine.swift */,
				EE96A1792906DE89005E10DB /* RoundedLineView.swift */,
				EE96A17B29071B8C005E10DB /* Line.swift */,
				EE96A17D29071CE9005E10DB /* LineCaps.swift */,
				EE96A17F2907205A005E10DB /* FlexibleRoundedLine.swift */,
				EE0AFF5D290A90BB00C5B899 /* RoundedRectCaps.swift */,
				EE0AFF5F290ACD6B00C5B899 /* RoundedRectTopRightCap.swift */,
				EE0AFF61290ACE8900C5B899 /* RoundedRectTopLeftCap.swift */,
				EE0AFF63290ACF3600C5B899 /* RoundedRectBottomRightCap.swift */,
				EE0AFF65290ACF8700C5B899 /* RoundedRectBottomLeftCap.swift */,
				EEDB3C75290ADD6400D8AB20 /* FlexibleRoundedRect.swift */,
				EEDB3C77290ADE2500D8AB20 /* RoundedRectView.swift */,
				EEDB3C79290ADF0D00D8AB20 /* RoundedRectCore.swift */,
			);
			path = "Lines and Chart Bars";
			sourceTree = "<group>";
		};
		EE9372402B2F0C09006A18B2 /* Protocols */ = {
			isa = PBXGroup;
			children = (
			);
			path = Protocols;
			sourceTree = "<group>";
		};
		EE97DD2A29055301006C86AD /* Food */ = {
			isa = PBXGroup;
			children = (
				EE97DD2F2905539B006C86AD /* FoodDetailMacrosView.swift */,
				EE97DD31290553AC006C86AD /* FoodItemCellView.swift */,
				EE97DD33290553B9006C86AD /* FoodItemsListView.swift */,
				EE7B1863290C2D1B006C20EA /* BadgeView.swift */,
				EEED91962B32F53700E9094F /* GettingTheInsideScoopView.swift */,
			);
			path = Food;
			sourceTree = "<group>";
		};
		EEC26E8A2904A4FA002BCF97 /* Profile */ = {
			isa = PBXGroup;
			children = (
				EEC26E8B2904A50D002BCF97 /* ProfileView.swift */,
				EE97DD3B290599B6006C86AD /* CardView.swift */,
			);
			path = Profile;
			sourceTree = "<group>";
		};
		EED1A5C42B2EE69F0096CA07 /* Extensions */ = {
			isa = PBXGroup;
			children = (
				EE320D2B290313C80083FF2D /* AllExtensions.swift */,
				EED1A5C52B2EE7170096CA07 /* DictionariesSetOperations.swift */,
				EED1A5C72B2EE8380096CA07 /* SetExtensions.swift */,
				EED1A5C92B2EE8A90096CA07 /* ArraysZip.swift */,
				EED1A5CB2B2EE8F20096CA07 /* OrderedDictionaryExtensions.swift */,
				EED1A5CD2B2EE95F0096CA07 /* CoreGraphicsExtensions.swift */,
				EEED91982B32F5C400E9094F /* StringExtensions.swift */,
			);
			path = Extensions;
			sourceTree = "<group>";
		};
		EEED91872B32D5F500E9094F /* Scanner */ = {
			isa = PBXGroup;
			children = (
				EEFA18A42B336D2A009DD73C /* ScannerContentView.swift */,
				EEFA18AF2B33A04E009DD73C /* DataScannerView.swift */,
				EEF504EC2B345FD80001F1DC /* ScannerViewModel.swift */,
			);
			path = Scanner;
			sourceTree = "<group>";
		};
		EEED918C2B32E69700E9094F /* Labels Buttons and Text Fields */ = {
			isa = PBXGroup;
			children = (
				EEED918D2B32E6C200E9094F /* ScoopButtonLabelView.swift */,
				EEED918F2B32E85800E9094F /* ScoopTextField.swift */,
				EEED91942B32F20300E9094F /* ScoopButton.swift */,
				EEF927F82B35A37800A87C2E /* ScoopTextFieldAutocomplete.swift */,
			);
			path = "Labels Buttons and Text Fields";
			sourceTree = "<group>";
		};
		EEED91912B32EA6300E9094F /* Chart */ = {
			isa = PBXGroup;
			children = (
				EEF927FC2B36034D00A87C2E /* Axes and Bars */,
				EEED91922B32EA8C00E9094F /* NutrientDetailView.swift */,
				EE9372452B2F2A93006A18B2 /* VerticalChartView.swift */,
				EE9372492B2F77D4006A18B2 /* HorizontalChartView.swift */,
				EEF927FA2B35F3B100A87C2E /* ChartView.swift */,
				EEF927FD2B36043C00A87C2E /* ChartTitleView.swift */,
			);
			path = Chart;
			sourceTree = "<group>";
		};
		EEF927FC2B36034D00A87C2E /* Axes and Bars */ = {
			isa = PBXGroup;
			children = (
				EEF927FF2B3604CF00A87C2E /* AxisTitlesView.swift */,
				EEF928012B36069A00A87C2E /* BarsView.swift */,
				EEF928032B360ADD00A87C2E /* ItemDescriptionView.swift */,
			);
			path = "Axes and Bars";
			sourceTree = "<group>";
		};
		EEF928052B360E3700A87C2E /* Nutrients */ = {
			isa = PBXGroup;
			children = (
				EE97DD3D2905A88B006C86AD /* Nutrient.swift */,
				EE96902E2B2B28CC006A30DC /* NutrientIntakes.swift */,
				EE24DC472907DFC5002AA125 /* RequiredIntakes.swift */,
				EEF928062B360EEA00A87C2E /* NutrientProfile.swift */,
			);
			path = Nutrients;
			sourceTree = "<group>";
		};
		EEF928082B360FEE00A87C2E /* Measurement */ = {
			isa = PBXGroup;
			children = (
				EEF928092B36101C00A87C2E /* Units.swift */,
				EE96902C2B2B21ED006A30DC /* Measures.swift */,
				EEB6AE7B2B2D921900C8EBE5 /* Serving.swift */,
			);
			path = Measurement;
			sourceTree = "<group>";
		};
/* End PBXGroup section */

/* Begin PBXNativeTarget section */
		EE2C774B2902689E00D9FE84 /* messaging */ = {
			isa = PBXNativeTarget;
			buildConfigurationList = EE2C775A2902689F00D9FE84 /* Build configuration list for PBXNativeTarget "messaging" */;
			buildPhases = (
				EE2C77482902689E00D9FE84 /* Sources */,
				EE2C77492902689E00D9FE84 /* Frameworks */,
				EE2C774A2902689E00D9FE84 /* Resources */,
			);
			buildRules = (
			);
			dependencies = (
			);
			name = messaging;
			packageProductDependencies = (
				EEC119C32B33A79D006321EC /* Collections */,
				EEC119C52B33A79D006321EC /* DequeModule */,
				EEC119C72B33A79D006321EC /* OrderedCollections */,
			);
			productName = messaging;
			productReference = EE2C774C2902689E00D9FE84 /* messaging.app */;
			productType = "com.apple.product-type.application";
		};
/* End PBXNativeTarget section */

/* Begin PBXProject section */
		EE2C77442902689E00D9FE84 /* Project object */ = {
			isa = PBXProject;
			attributes = {
				BuildIndependentTargetsInParallel = 1;
				LastSwiftUpdateCheck = 1400;
				LastUpgradeCheck = 1400;
				TargetAttributes = {
					EE2C774B2902689E00D9FE84 = {
						CreatedOnToolsVersion = 14.0.1;
					};
				};
			};
			buildConfigurationList = EE2C77472902689E00D9FE84 /* Build configuration list for PBXProject "messaging" */;
			compatibilityVersion = "Xcode 14.0";
			developmentRegion = en;
			hasScannedForEncodings = 0;
			knownRegions = (
				en,
				Base,
			);
			mainGroup = EE2C77432902689E00D9FE84;
			packageReferences = (
				EEC119C22B33A79D006321EC /* XCRemoteSwiftPackageReference "swift-collections" */,
			);
			productRefGroup = EE2C774D2902689E00D9FE84 /* Products */;
			projectDirPath = "";
			projectRoot = "";
			targets = (
				EE2C774B2902689E00D9FE84 /* messaging */,
			);
		};
/* End PBXProject section */

/* Begin PBXResourcesBuildPhase section */
		EE2C774A2902689E00D9FE84 /* Resources */ = {
			isa = PBXResourcesBuildPhase;
			buildActionMask = 2147483647;
			files = (
				EE2C77572902689F00D9FE84 /* Preview Assets.xcassets in Resources */,
				EE2C77542902689F00D9FE84 /* Assets.xcassets in Resources */,
				EE4042E22904CCD4005714A9 /* GoogleService-Info.plist in Resources */,
			);
			runOnlyForDeploymentPostprocessing = 0;
		};
/* End PBXResourcesBuildPhase section */

/* Begin PBXSourcesBuildPhase section */
		EE2C77482902689E00D9FE84 /* Sources */ = {
			isa = PBXSourcesBuildPhase;
			buildActionMask = 2147483647;
			files = (
				EEED91992B32F5C400E9094F /* StringExtensions.swift in Sources */,
				EEC26E8C2904A50D002BCF97 /* ProfileView.swift in Sources */,
				EEB6AE7E2B2DB0D600C8EBE5 /* FoodNutrientParser.swift in Sources */,
				EE320D1D2902A1060083FF2D /* Colors.swift in Sources */,
				EE96902D2B2B21ED006A30DC /* Measures.swift in Sources */,
				EEED91932B32EA8C00E9094F /* NutrientDetailView.swift in Sources */,
				EE97DD302905539B006C86AD /* FoodDetailMacrosView.swift in Sources */,
				EE97DD422905C93F006C86AD /* FlexibleHorizontalLine.swift in Sources */,
				EE93724A2B2F77D4006A18B2 /* HorizontalChartView.swift in Sources */,
				EEDB3C7A290ADF0D00D8AB20 /* RoundedRectCore.swift in Sources */,
				EEFA18B02B33A04E009DD73C /* DataScannerView.swift in Sources */,
				EE3FEB452B28755B0081E17A /* FDCFoodService.swift in Sources */,
				EE0AFF64290ACF3600C5B899 /* RoundedRectBottomRightCap.swift in Sources */,
				EE4B61AB2909EF89004E50E3 /* Chart.swift in Sources */,
				EE96A17C29071B8C005E10DB /* Line.swift in Sources */,
				EE97DD34290553B9006C86AD /* FoodItemsListView.swift in Sources */,
				EED1A5C82B2EE8380096CA07 /* SetExtensions.swift in Sources */,
				EE320D232902E9320083FF2D /* Labels.swift in Sources */,
				EE97DD3829058FE7006C86AD /* VerticalLine.swift in Sources */,
				EE9690252B2B0B5D006A30DC /* FDCUnits.swift in Sources */,
				EE96A17E29071CE9005E10DB /* LineCaps.swift in Sources */,
				EE9372422B2F20D8006A18B2 /* FoodItemsListViewModel.swift in Sources */,
				EE320D28290313390083FF2D /* ViewModifiers.swift in Sources */,
				EE3FEB432B2874D90081E17A /* FDCfoodNutrientIntake.swift in Sources */,
				EE96902F2B2B28CC006A30DC /* NutrientIntakes.swift in Sources */,
				EED1A5C62B2EE7170096CA07 /* DictionariesSetOperations.swift in Sources */,
				EE320D1829029CF70083FF2D /* SignInView.swift in Sources */,
				EE97DD36290553FA006C86AD /* User.swift in Sources */,
				EE320D2A2903137C0083FF2D /* Constants.swift in Sources */,
				EEF9280A2B36101C00A87C2E /* Units.swift in Sources */,
				EE7B1864290C2D1B006C20EA /* BadgeView.swift in Sources */,
				EE2C77522902689E00D9FE84 /* ContentView.swift in Sources */,
				EEF928022B36069A00A87C2E /* BarsView.swift in Sources */,
				EEFA18A52B336D2A009DD73C /* ScannerContentView.swift in Sources */,
				EEF928042B360ADD00A87C2E /* ItemDescriptionView.swift in Sources */,
				EEF504ED2B345FD80001F1DC /* ScannerViewModel.swift in Sources */,
				EE0AFF5A290A88F700C5B899 /* RoundedRect.swift in Sources */,
				EEED91902B32E85800E9094F /* ScoopTextField.swift in Sources */,
				EEDB3C76290ADD6400D8AB20 /* FlexibleRoundedRect.swift in Sources */,
				EE320D1F2902CBAA0083FF2D /* Fonts.swift in Sources */,
				EEED91972B32F53700E9094F /* GettingTheInsideScoopView.swift in Sources */,
				EE0AFF62290ACE8900C5B899 /* RoundedRectTopLeftCap.swift in Sources */,
				EE7B1866290C2D5B006C20EA /* Badge.swift in Sources */,
				EE320D212902DAA70083FF2D /* Dimensions.swift in Sources */,
				EE97DD3E2905A88B006C86AD /* Nutrient.swift in Sources */,
				EEB6AE7C2B2D921900C8EBE5 /* Serving.swift in Sources */,
				EE320D2C290313C80083FF2D /* AllExtensions.swift in Sources */,
				EE97DD3C290599B6006C86AD /* CardView.swift in Sources */,
				EE97DD32290553AC006C86AD /* FoodItemCellView.swift in Sources */,
				EE0AFF5E290A90BB00C5B899 /* RoundedRectCaps.swift in Sources */,
				EED1A5CE2B2EE95F0096CA07 /* CoreGraphicsExtensions.swift in Sources */,
				EE97DD402905BDD3006C86AD /* FlexibleVerticalLine.swift in Sources */,
				EEF504EF2B34A1720001F1DC /* ScoopTabView.swift in Sources */,
				EED1A5CA2B2EE8A90096CA07 /* ArraysZip.swift in Sources */,
				EEF927F92B35A37800A87C2E /* ScoopTextFieldAutocomplete.swift in Sources */,
				EE96A1802907205A005E10DB /* FlexibleRoundedLine.swift in Sources */,
				EE9F2BD02B31C73F009D9683 /* FoodScoring.swift in Sources */,
				EE0AFF66290ACF8700C5B899 /* RoundedRectBottomLeftCap.swift in Sources */,
				EE9690212B2AD80F006A30DC /* FDCnutrientsMapper.swift in Sources */,
				EE97DD3A2905967D006C86AD /* HorizontalLine.swift in Sources */,
				EE24DC482907DFC5002AA125 /* RequiredIntakes.swift in Sources */,
				EE3FEB3F2B28746A0081E17A /* FDCFoodDataResponse.swift in Sources */,
				EE3FEB412B2874B00081E17A /* FDCFood.swift in Sources */,
				EEED91952B32F20300E9094F /* ScoopButton.swift in Sources */,
				EE96A17A2906DE89005E10DB /* RoundedLineView.swift in Sources */,
				EE0AFF5C290A8E3700C5B899 /* Protocols.swift in Sources */,
				EE2C77502902689E00D9FE84 /* messagingApp.swift in Sources */,
				EE320D2E290364BF0083FF2D /* Shapes.swift in Sources */,
				EEF927FB2B35F3B100A87C2E /* ChartView.swift in Sources */,
				EEF927FE2B36043C00A87C2E /* ChartTitleView.swift in Sources */,
				EEDB3C78290ADE2500D8AB20 /* RoundedRectView.swift in Sources */,
				EE9690232B2ADAF5006A30DC /* FDCfoodNutrient.swift in Sources */,
				EED1A5CC2B2EE8F20096CA07 /* OrderedDictionaryExtensions.swift in Sources */,
				EEF928002B3604CF00A87C2E /* AxisTitlesView.swift in Sources */,
				EEF504F12B34D34B0001F1DC /* TextFieldAutoCompleteView.swift in Sources */,
				EE9372462B2F2A93006A18B2 /* VerticalChartView.swift in Sources */,
				EEED918E2B32E6C200E9094F /* ScoopButtonLabelView.swift in Sources */,
				EEF928072B360EEA00A87C2E /* NutrientProfile.swift in Sources */,
				EE0AFF60290ACD6B00C5B899 /* RoundedRectTopRightCap.swift in Sources */,
			);
			runOnlyForDeploymentPostprocessing = 0;
		};
/* End PBXSourcesBuildPhase section */

/* Begin XCBuildConfiguration section */
		EE2C77582902689F00D9FE84 /* Debug */ = {
			isa = XCBuildConfiguration;
			buildSettings = {
				ALWAYS_SEARCH_USER_PATHS = NO;
				CLANG_ANALYZER_NONNULL = YES;
				CLANG_ANALYZER_NUMBER_OBJECT_CONVERSION = YES_AGGRESSIVE;
				CLANG_CXX_LANGUAGE_STANDARD = "gnu++20";
				CLANG_ENABLE_MODULES = YES;
				CLANG_ENABLE_OBJC_ARC = YES;
				CLANG_ENABLE_OBJC_WEAK = YES;
				CLANG_WARN_BLOCK_CAPTURE_AUTORELEASING = YES;
				CLANG_WARN_BOOL_CONVERSION = YES;
				CLANG_WARN_COMMA = YES;
				CLANG_WARN_CONSTANT_CONVERSION = YES;
				CLANG_WARN_DEPRECATED_OBJC_IMPLEMENTATIONS = YES;
				CLANG_WARN_DIRECT_OBJC_ISA_USAGE = YES_ERROR;
				CLANG_WARN_DOCUMENTATION_COMMENTS = YES;
				CLANG_WARN_EMPTY_BODY = YES;
				CLANG_WARN_ENUM_CONVERSION = YES;
				CLANG_WARN_INFINITE_RECURSION = YES;
				CLANG_WARN_INT_CONVERSION = YES;
				CLANG_WARN_NON_LITERAL_NULL_CONVERSION = YES;
				CLANG_WARN_OBJC_IMPLICIT_RETAIN_SELF = YES;
				CLANG_WARN_OBJC_LITERAL_CONVERSION = YES;
				CLANG_WARN_OBJC_ROOT_CLASS = YES_ERROR;
				CLANG_WARN_QUOTED_INCLUDE_IN_FRAMEWORK_HEADER = YES;
				CLANG_WARN_RANGE_LOOP_ANALYSIS = YES;
				CLANG_WARN_STRICT_PROTOTYPES = YES;
				CLANG_WARN_SUSPICIOUS_MOVE = YES;
				CLANG_WARN_UNGUARDED_AVAILABILITY = YES_AGGRESSIVE;
				CLANG_WARN_UNREACHABLE_CODE = YES;
				CLANG_WARN__DUPLICATE_METHOD_MATCH = YES;
				COPY_PHASE_STRIP = NO;
				DEBUG_INFORMATION_FORMAT = dwarf;
				ENABLE_STRICT_OBJC_MSGSEND = YES;
				ENABLE_TESTABILITY = YES;
				GCC_C_LANGUAGE_STANDARD = gnu11;
				GCC_DYNAMIC_NO_PIC = NO;
				GCC_NO_COMMON_BLOCKS = YES;
				GCC_OPTIMIZATION_LEVEL = 0;
				GCC_PREPROCESSOR_DEFINITIONS = (
					"DEBUG=1",
					"$(inherited)",
				);
				GCC_WARN_64_TO_32_BIT_CONVERSION = YES;
				GCC_WARN_ABOUT_RETURN_TYPE = YES_ERROR;
				GCC_WARN_UNDECLARED_SELECTOR = YES;
				GCC_WARN_UNINITIALIZED_AUTOS = YES_AGGRESSIVE;
				GCC_WARN_UNUSED_FUNCTION = YES;
				GCC_WARN_UNUSED_VARIABLE = YES;
				IPHONEOS_DEPLOYMENT_TARGET = 16.0;
				MTL_ENABLE_DEBUG_INFO = INCLUDE_SOURCE;
				MTL_FAST_MATH = YES;
				ONLY_ACTIVE_ARCH = YES;
				SDKROOT = iphoneos;
				SWIFT_ACTIVE_COMPILATION_CONDITIONS = DEBUG;
				SWIFT_OPTIMIZATION_LEVEL = "-Onone";
			};
			name = Debug;
		};
		EE2C77592902689F00D9FE84 /* Release */ = {
			isa = XCBuildConfiguration;
			buildSettings = {
				ALWAYS_SEARCH_USER_PATHS = NO;
				CLANG_ANALYZER_NONNULL = YES;
				CLANG_ANALYZER_NUMBER_OBJECT_CONVERSION = YES_AGGRESSIVE;
				CLANG_CXX_LANGUAGE_STANDARD = "gnu++20";
				CLANG_ENABLE_MODULES = YES;
				CLANG_ENABLE_OBJC_ARC = YES;
				CLANG_ENABLE_OBJC_WEAK = YES;
				CLANG_WARN_BLOCK_CAPTURE_AUTORELEASING = YES;
				CLANG_WARN_BOOL_CONVERSION = YES;
				CLANG_WARN_COMMA = YES;
				CLANG_WARN_CONSTANT_CONVERSION = YES;
				CLANG_WARN_DEPRECATED_OBJC_IMPLEMENTATIONS = YES;
				CLANG_WARN_DIRECT_OBJC_ISA_USAGE = YES_ERROR;
				CLANG_WARN_DOCUMENTATION_COMMENTS = YES;
				CLANG_WARN_EMPTY_BODY = YES;
				CLANG_WARN_ENUM_CONVERSION = YES;
				CLANG_WARN_INFINITE_RECURSION = YES;
				CLANG_WARN_INT_CONVERSION = YES;
				CLANG_WARN_NON_LITERAL_NULL_CONVERSION = YES;
				CLANG_WARN_OBJC_IMPLICIT_RETAIN_SELF = YES;
				CLANG_WARN_OBJC_LITERAL_CONVERSION = YES;
				CLANG_WARN_OBJC_ROOT_CLASS = YES_ERROR;
				CLANG_WARN_QUOTED_INCLUDE_IN_FRAMEWORK_HEADER = YES;
				CLANG_WARN_RANGE_LOOP_ANALYSIS = YES;
				CLANG_WARN_STRICT_PROTOTYPES = YES;
				CLANG_WARN_SUSPICIOUS_MOVE = YES;
				CLANG_WARN_UNGUARDED_AVAILABILITY = YES_AGGRESSIVE;
				CLANG_WARN_UNREACHABLE_CODE = YES;
				CLANG_WARN__DUPLICATE_METHOD_MATCH = YES;
				COPY_PHASE_STRIP = NO;
				DEBUG_INFORMATION_FORMAT = "dwarf-with-dsym";
				ENABLE_NS_ASSERTIONS = NO;
				ENABLE_STRICT_OBJC_MSGSEND = YES;
				GCC_C_LANGUAGE_STANDARD = gnu11;
				GCC_NO_COMMON_BLOCKS = YES;
				GCC_WARN_64_TO_32_BIT_CONVERSION = YES;
				GCC_WARN_ABOUT_RETURN_TYPE = YES_ERROR;
				GCC_WARN_UNDECLARED_SELECTOR = YES;
				GCC_WARN_UNINITIALIZED_AUTOS = YES_AGGRESSIVE;
				GCC_WARN_UNUSED_FUNCTION = YES;
				GCC_WARN_UNUSED_VARIABLE = YES;
				IPHONEOS_DEPLOYMENT_TARGET = 16.0;
				MTL_ENABLE_DEBUG_INFO = NO;
				MTL_FAST_MATH = YES;
				SDKROOT = iphoneos;
				SWIFT_COMPILATION_MODE = wholemodule;
				SWIFT_OPTIMIZATION_LEVEL = "-O";
				VALIDATE_PRODUCT = YES;
			};
			name = Release;
		};
		EE2C775B2902689F00D9FE84 /* Debug */ = {
			isa = XCBuildConfiguration;
			buildSettings = {
				ASSETCATALOG_COMPILER_APPICON_NAME = AppIcon;
				ASSETCATALOG_COMPILER_GLOBAL_ACCENT_COLOR_NAME = AccentColor;
				CODE_SIGN_STYLE = Automatic;
				CURRENT_PROJECT_VERSION = 1;
				DEVELOPMENT_ASSET_PATHS = "\"messaging/Preview Content\"";
				DEVELOPMENT_TEAM = R5955V6BN9;
				ENABLE_PREVIEWS = YES;
				GENERATE_INFOPLIST_FILE = YES;
				INFOPLIST_KEY_CFBundleDisplayName = Scoop;
				INFOPLIST_KEY_LSApplicationCategoryType = "public.app-category.healthcare-fitness";
				INFOPLIST_KEY_NSCameraUsageDescription = "This app requires access to the camera to scan the grocery bill.";
				INFOPLIST_KEY_UIApplicationSceneManifest_Generation = YES;
				INFOPLIST_KEY_UIApplicationSupportsIndirectInputEvents = YES;
				INFOPLIST_KEY_UILaunchScreen_Generation = YES;
				INFOPLIST_KEY_UISupportedInterfaceOrientations_iPad = "UIInterfaceOrientationPortrait UIInterfaceOrientationPortraitUpsideDown UIInterfaceOrientationLandscapeLeft UIInterfaceOrientationLandscapeRight";
				INFOPLIST_KEY_UISupportedInterfaceOrientations_iPhone = "UIInterfaceOrientationPortrait UIInterfaceOrientationLandscapeLeft UIInterfaceOrientationLandscapeRight";
				LD_RUNPATH_SEARCH_PATHS = (
					"$(inherited)",
					"@executable_path/Frameworks",
				);
				MARKETING_VERSION = 1.0;
				PRODUCT_BUNDLE_IDENTIFIER = fit.scoop.chat;
				PRODUCT_NAME = "$(TARGET_NAME)";
				SWIFT_EMIT_LOC_STRINGS = YES;
				SWIFT_VERSION = 5.0;
				TARGETED_DEVICE_FAMILY = "1,2";
			};
			name = Debug;
		};
		EE2C775C2902689F00D9FE84 /* Release */ = {
			isa = XCBuildConfiguration;
			buildSettings = {
				ASSETCATALOG_COMPILER_APPICON_NAME = AppIcon;
				ASSETCATALOG_COMPILER_GLOBAL_ACCENT_COLOR_NAME = AccentColor;
				CODE_SIGN_STYLE = Automatic;
				CURRENT_PROJECT_VERSION = 1;
				DEVELOPMENT_ASSET_PATHS = "\"messaging/Preview Content\"";
				DEVELOPMENT_TEAM = R5955V6BN9;
				ENABLE_PREVIEWS = YES;
				GENERATE_INFOPLIST_FILE = YES;
				INFOPLIST_KEY_CFBundleDisplayName = Scoop;
				INFOPLIST_KEY_LSApplicationCategoryType = "public.app-category.healthcare-fitness";
				INFOPLIST_KEY_NSCameraUsageDescription = "This app requires access to the camera to scan the grocery bill.";
				INFOPLIST_KEY_UIApplicationSceneManifest_Generation = YES;
				INFOPLIST_KEY_UIApplicationSupportsIndirectInputEvents = YES;
				INFOPLIST_KEY_UILaunchScreen_Generation = YES;
				INFOPLIST_KEY_UISupportedInterfaceOrientations_iPad = "UIInterfaceOrientationPortrait UIInterfaceOrientationPortraitUpsideDown UIInterfaceOrientationLandscapeLeft UIInterfaceOrientationLandscapeRight";
				INFOPLIST_KEY_UISupportedInterfaceOrientations_iPhone = "UIInterfaceOrientationPortrait UIInterfaceOrientationLandscapeLeft UIInterfaceOrientationLandscapeRight";
				LD_RUNPATH_SEARCH_PATHS = (
					"$(inherited)",
					"@executable_path/Frameworks",
				);
				MARKETING_VERSION = 1.0;
				PRODUCT_BUNDLE_IDENTIFIER = fit.scoop.chat;
				PRODUCT_NAME = "$(TARGET_NAME)";
				SWIFT_EMIT_LOC_STRINGS = YES;
				SWIFT_VERSION = 5.0;
				TARGETED_DEVICE_FAMILY = "1,2";
			};
			name = Release;
		};
/* End XCBuildConfiguration section */

/* Begin XCConfigurationList section */
		EE2C77472902689E00D9FE84 /* Build configuration list for PBXProject "messaging" */ = {
			isa = XCConfigurationList;
			buildConfigurations = (
				EE2C77582902689F00D9FE84 /* Debug */,
				EE2C77592902689F00D9FE84 /* Release */,
			);
			defaultConfigurationIsVisible = 0;
			defaultConfigurationName = Release;
		};
		EE2C775A2902689F00D9FE84 /* Build configuration list for PBXNativeTarget "messaging" */ = {
			isa = XCConfigurationList;
			buildConfigurations = (
				EE2C775B2902689F00D9FE84 /* Debug */,
				EE2C775C2902689F00D9FE84 /* Release */,
			);
			defaultConfigurationIsVisible = 0;
			defaultConfigurationName = Release;
		};
/* End XCConfigurationList section */

/* Begin XCRemoteSwiftPackageReference section */
		EEC119C22B33A79D006321EC /* XCRemoteSwiftPackageReference "swift-collections" */ = {
			isa = XCRemoteSwiftPackageReference;
			repositoryURL = "https://github.com/apple/swift-collections.git";
			requirement = {
				kind = upToNextMajorVersion;
				minimumVersion = 1.0.5;
			};
		};
/* End XCRemoteSwiftPackageReference section */

/* Begin XCSwiftPackageProductDependency section */
		EEC119C32B33A79D006321EC /* Collections */ = {
			isa = XCSwiftPackageProductDependency;
			package = EEC119C22B33A79D006321EC /* XCRemoteSwiftPackageReference "swift-collections" */;
			productName = Collections;
		};
		EEC119C52B33A79D006321EC /* DequeModule */ = {
			isa = XCSwiftPackageProductDependency;
			package = EEC119C22B33A79D006321EC /* XCRemoteSwiftPackageReference "swift-collections" */;
			productName = DequeModule;
		};
		EEC119C72B33A79D006321EC /* OrderedCollections */ = {
			isa = XCSwiftPackageProductDependency;
			package = EEC119C22B33A79D006321EC /* XCRemoteSwiftPackageReference "swift-collections" */;
			productName = OrderedCollections;
		};
/* End XCSwiftPackageProductDependency section */
	};
	rootObject = EE2C77442902689E00D9FE84 /* Project object */;
}
